// !$*UTF8*$!
{
	archiveVersion = 1;
	classes = {
	};
	objectVersion = 46;
	objects = {

/* Begin PBXBuildFile section */
		180DF7321C54B39500DE4C21 /* ProductModel.m in Sources */ = {isa = PBXBuildFile; fileRef = 180DF7311C54B39500DE4C21 /* ProductModel.m */; };
		180DF7351C54B59100DE4C21 /* StoreModel.m in Sources */ = {isa = PBXBuildFile; fileRef = 180DF7341C54B59100DE4C21 /* StoreModel.m */; };
		180DF7391C54BC6500DE4C21 /* NavigatorManager.m in Sources */ = {isa = PBXBuildFile; fileRef = 180DF7381C54BC6500DE4C21 /* NavigatorManager.m */; };
		1840A75A1C4D2407009767C9 /* ArtisticPhoto.xcdatamodeld in Sources */ = {isa = PBXBuildFile; fileRef = 1840A7581C4D2407009767C9 /* ArtisticPhoto.xcdatamodeld */; };
		1869C4451C565AC900F02EE7 /* Product+CoreDataProperties.m in Sources */ = {isa = PBXBuildFile; fileRef = 1869C4421C565AC900F02EE7 /* Product+CoreDataProperties.m */; };
		1869C4461C565AC900F02EE7 /* Product.m in Sources */ = {isa = PBXBuildFile; fileRef = 1869C4441C565AC900F02EE7 /* Product.m */; };
		186AFB4F1C58EF390099BC6F /* CustomerNavigatorItem.m in Sources */ = {isa = PBXBuildFile; fileRef = 186AFB4E1C58EF390099BC6F /* CustomerNavigatorItem.m */; };
		186AFB511C5900F10099BC6F /* ProductDescription.xib in Resources */ = {isa = PBXBuildFile; fileRef = 186AFB501C5900F10099BC6F /* ProductDescription.xib */; };
		186AFB541C59012A0099BC6F /* ProductDescription.m in Sources */ = {isa = PBXBuildFile; fileRef = 186AFB531C59012A0099BC6F /* ProductDescription.m */; };
		186BA7941C761C4600D7FA1F /* ProductManagerViewController.m in Sources */ = {isa = PBXBuildFile; fileRef = 186BA7931C761C4600D7FA1F /* ProductManagerViewController.m */; };
		186BA7981C761F1500D7FA1F /* ImageEdittingCell.m in Sources */ = {isa = PBXBuildFile; fileRef = 186BA7961C761F1500D7FA1F /* ImageEdittingCell.m */; };
		186BA7991C761F1500D7FA1F /* ImageEdittingCell.xib in Resources */ = {isa = PBXBuildFile; fileRef = 186BA7971C761F1500D7FA1F /* ImageEdittingCell.xib */; };
		186D4C9C1C57A9E100FF6957 /* Payment.storyboard in Resources */ = {isa = PBXBuildFile; fileRef = 186D4C9B1C57A9E100FF6957 /* Payment.storyboard */; };
		186D4C9F1C57A9F600FF6957 /* PaymentViewController.m in Sources */ = {isa = PBXBuildFile; fileRef = 186D4C9E1C57A9F600FF6957 /* PaymentViewController.m */; };
		186D4CA41C57BB9900FF6957 /* CustomerNavigatorItem.xib in Resources */ = {isa = PBXBuildFile; fileRef = 186D4CA31C57BB9900FF6957 /* CustomerNavigatorItem.xib */; };
		187DC03C1C45392700D8AE6F /* ProductCell.m in Sources */ = {isa = PBXBuildFile; fileRef = 187DC03B1C45392700D8AE6F /* ProductCell.m */; };
		187E9C451C3EA3C100DEEA0B /* main.m in Sources */ = {isa = PBXBuildFile; fileRef = 187E9C441C3EA3C100DEEA0B /* main.m */; };
		187E9C481C3EA3C100DEEA0B /* AppDelegate.m in Sources */ = {isa = PBXBuildFile; fileRef = 187E9C471C3EA3C100DEEA0B /* AppDelegate.m */; };
		187E9C531C3EA3C100DEEA0B /* Assets.xcassets in Resources */ = {isa = PBXBuildFile; fileRef = 187E9C521C3EA3C100DEEA0B /* Assets.xcassets */; };
		187E9C561C3EA3C100DEEA0B /* LaunchScreen.storyboard in Resources */ = {isa = PBXBuildFile; fileRef = 187E9C541C3EA3C100DEEA0B /* LaunchScreen.storyboard */; };
		187E9C661C3EA77000DEEA0B /* Dashboard.storyboard in Resources */ = {isa = PBXBuildFile; fileRef = 187E9C651C3EA77000DEEA0B /* Dashboard.storyboard */; };
		187F262A1C4E76510007FA4E /* DiskCacheManager.m in Sources */ = {isa = PBXBuildFile; fileRef = 187F26291C4E76510007FA4E /* DiskCacheManager.m */; };
		1888FD331C4B94980071ABFD /* UIView+Snapshot.m in Sources */ = {isa = PBXBuildFile; fileRef = 1888FD321C4B94980071ABFD /* UIView+Snapshot.m */; };
		1888FD361C4BB6970071ABFD /* UIImage+WebCache.m in Sources */ = {isa = PBXBuildFile; fileRef = 1888FD351C4BB6970071ABFD /* UIImage+WebCache.m */; };
		18895D2E1C47CC7F00586CD9 /* PhotoCell.xib in Resources */ = {isa = PBXBuildFile; fileRef = 18895D2D1C47CC7F00586CD9 /* PhotoCell.xib */; };
		18895D311C47CC9F00586CD9 /* PhotoCell.m in Sources */ = {isa = PBXBuildFile; fileRef = 18895D301C47CC9F00586CD9 /* PhotoCell.m */; };
		18895D341C47CDAC00586CD9 /* PhotosViewController.m in Sources */ = {isa = PBXBuildFile; fileRef = 18895D331C47CDAC00586CD9 /* PhotosViewController.m */; };
		18895D401C47E07900586CD9 /* PhotoViewController.m in Sources */ = {isa = PBXBuildFile; fileRef = 18895D3F1C47E07900586CD9 /* PhotoViewController.m */; };
		18895D431C47E9C000586CD9 /* PhotosPageViewController.m in Sources */ = {isa = PBXBuildFile; fileRef = 18895D421C47E9C000586CD9 /* PhotosPageViewController.m */; };
		188A7F2D1C5DE10100D63BC6 /* StoreDescription.m in Sources */ = {isa = PBXBuildFile; fileRef = 188A7F2C1C5DE10100D63BC6 /* StoreDescription.m */; };
		188A7F2F1C5DE14600D63BC6 /* StoreDescription.xib in Resources */ = {isa = PBXBuildFile; fileRef = 188A7F2E1C5DE14600D63BC6 /* StoreDescription.xib */; };
		188C9CF41C41040900DD1B72 /* ActionCell.xib in Resources */ = {isa = PBXBuildFile; fileRef = 188C9CF31C41040900DD1B72 /* ActionCell.xib */; };
		188C9CFB1C4105A900DD1B72 /* ActionModel.m in Sources */ = {isa = PBXBuildFile; fileRef = 188C9CFA1C4105A900DD1B72 /* ActionModel.m */; };
		188C9CFE1C41067900DD1B72 /* ActionCell.m in Sources */ = {isa = PBXBuildFile; fileRef = 188C9CFD1C41067900DD1B72 /* ActionCell.m */; };
		188C9D091C42166B00DD1B72 /* PageControlViewController.m in Sources */ = {isa = PBXBuildFile; fileRef = 188C9D081C42166B00DD1B72 /* PageControlViewController.m */; };
		188C9D0C1C421DFA00DD1B72 /* BaseCellModel.m in Sources */ = {isa = PBXBuildFile; fileRef = 188C9D0B1C421DFA00DD1B72 /* BaseCellModel.m */; };
		188C9D301C422E0B00DD1B72 /* MKAnnotationView+WebCache.m in Sources */ = {isa = PBXBuildFile; fileRef = 188C9D101C422E0B00DD1B72 /* MKAnnotationView+WebCache.m */; };
		188C9D311C422E0B00DD1B72 /* NSData+ImageContentType.m in Sources */ = {isa = PBXBuildFile; fileRef = 188C9D121C422E0B00DD1B72 /* NSData+ImageContentType.m */; };
		188C9D321C422E0B00DD1B72 /* SDImageCache.m in Sources */ = {isa = PBXBuildFile; fileRef = 188C9D141C422E0B00DD1B72 /* SDImageCache.m */; };
		188C9D331C422E0B00DD1B72 /* SDWebImageCompat.m in Sources */ = {isa = PBXBuildFile; fileRef = 188C9D161C422E0B00DD1B72 /* SDWebImageCompat.m */; };
		188C9D341C422E0B00DD1B72 /* SDWebImageDecoder.m in Sources */ = {isa = PBXBuildFile; fileRef = 188C9D181C422E0B00DD1B72 /* SDWebImageDecoder.m */; };
		188C9D351C422E0B00DD1B72 /* SDWebImageDownloader.m in Sources */ = {isa = PBXBuildFile; fileRef = 188C9D1A1C422E0B00DD1B72 /* SDWebImageDownloader.m */; };
		188C9D361C422E0B00DD1B72 /* SDWebImageDownloaderOperation.m in Sources */ = {isa = PBXBuildFile; fileRef = 188C9D1C1C422E0B00DD1B72 /* SDWebImageDownloaderOperation.m */; };
		188C9D371C422E0B00DD1B72 /* SDWebImageManager.m in Sources */ = {isa = PBXBuildFile; fileRef = 188C9D1E1C422E0B00DD1B72 /* SDWebImageManager.m */; };
		188C9D381C422E0B00DD1B72 /* SDWebImagePrefetcher.m in Sources */ = {isa = PBXBuildFile; fileRef = 188C9D211C422E0B00DD1B72 /* SDWebImagePrefetcher.m */; };
		188C9D391C422E0B00DD1B72 /* UIButton+WebCache.m in Sources */ = {isa = PBXBuildFile; fileRef = 188C9D231C422E0B00DD1B72 /* UIButton+WebCache.m */; };
		188C9D3A1C422E0B00DD1B72 /* UIImage+GIF.m in Sources */ = {isa = PBXBuildFile; fileRef = 188C9D251C422E0B00DD1B72 /* UIImage+GIF.m */; };
		188C9D3B1C422E0B00DD1B72 /* UIImage+MultiFormat.m in Sources */ = {isa = PBXBuildFile; fileRef = 188C9D271C422E0B00DD1B72 /* UIImage+MultiFormat.m */; };
		188C9D3C1C422E0B00DD1B72 /* UIImage+WebP.m in Sources */ = {isa = PBXBuildFile; fileRef = 188C9D291C422E0B00DD1B72 /* UIImage+WebP.m */; };
		188C9D3D1C422E0B00DD1B72 /* UIImageView+HighlightedWebCache.m in Sources */ = {isa = PBXBuildFile; fileRef = 188C9D2B1C422E0B00DD1B72 /* UIImageView+HighlightedWebCache.m */; };
		188C9D3E1C422E0B00DD1B72 /* UIImageView+WebCache.m in Sources */ = {isa = PBXBuildFile; fileRef = 188C9D2D1C422E0B00DD1B72 /* UIImageView+WebCache.m */; };
		188C9D3F1C422E0B00DD1B72 /* UIView+WebCacheOperation.m in Sources */ = {isa = PBXBuildFile; fileRef = 188C9D2F1C422E0B00DD1B72 /* UIView+WebCacheOperation.m */; };
		188C9D421C423E9F00DD1B72 /* DashboardViewController.m in Sources */ = {isa = PBXBuildFile; fileRef = 188C9D411C423E9F00DD1B72 /* DashboardViewController.m */; };
		188C9D481C423F4E00DD1B72 /* ActionSummaryCell.m in Sources */ = {isa = PBXBuildFile; fileRef = 188C9D471C423F4E00DD1B72 /* ActionSummaryCell.m */; };
		188C9D4A1C423F6200DD1B72 /* ActionSummaryCell.xib in Resources */ = {isa = PBXBuildFile; fileRef = 188C9D491C423F6200DD1B72 /* ActionSummaryCell.xib */; };
		188C9D4D1C42441800DD1B72 /* BaseTableViewCell.m in Sources */ = {isa = PBXBuildFile; fileRef = 188C9D4C1C42441800DD1B72 /* BaseTableViewCell.m */; };
		189610A71C43D9CE00F3F037 /* ProductsViewController.m in Sources */ = {isa = PBXBuildFile; fileRef = 189610A61C43D9CE00F3F037 /* ProductsViewController.m */; };
		189610A91C43D9EB00F3F037 /* Product.storyboard in Resources */ = {isa = PBXBuildFile; fileRef = 189610A81C43D9EB00F3F037 /* Product.storyboard */; };
		189610AD1C44015900F3F037 /* ProductCell.xib in Resources */ = {isa = PBXBuildFile; fileRef = 189610AC1C44015900F3F037 /* ProductCell.xib */; };
		189AA6221C4FB5CB00E1915E /* Default.jpg in Resources */ = {isa = PBXBuildFile; fileRef = 189AA6211C4FB5CB00E1915E /* Default.jpg */; };
		18A470311C88765C00038F40 /* AFHTTPSessionManager.m in Sources */ = {isa = PBXBuildFile; fileRef = 18A470251C88765C00038F40 /* AFHTTPSessionManager.m */; };
		18A470321C88765C00038F40 /* AFNetworkReachabilityManager.m in Sources */ = {isa = PBXBuildFile; fileRef = 18A470281C88765C00038F40 /* AFNetworkReachabilityManager.m */; };
		18A470331C88765C00038F40 /* AFSecurityPolicy.m in Sources */ = {isa = PBXBuildFile; fileRef = 18A4702A1C88765C00038F40 /* AFSecurityPolicy.m */; };
		18A470341C88765C00038F40 /* AFURLRequestSerialization.m in Sources */ = {isa = PBXBuildFile; fileRef = 18A4702C1C88765C00038F40 /* AFURLRequestSerialization.m */; };
		18A470351C88765C00038F40 /* AFURLResponseSerialization.m in Sources */ = {isa = PBXBuildFile; fileRef = 18A4702E1C88765C00038F40 /* AFURLResponseSerialization.m */; };
		18A470361C88765C00038F40 /* AFURLSessionManager.m in Sources */ = {isa = PBXBuildFile; fileRef = 18A470301C88765C00038F40 /* AFURLSessionManager.m */; };
		18A4703B1C88770F00038F40 /* StoreBLL.m in Sources */ = {isa = PBXBuildFile; fileRef = 18A4703A1C88770F00038F40 /* StoreBLL.m */; };
		18A4703E1C8877B200038F40 /* HTTPSessionManager.m in Sources */ = {isa = PBXBuildFile; fileRef = 18A4703D1C8877B200038F40 /* HTTPSessionManager.m */; };
		18A470401C88781100038F40 /* Config.plist in Resources */ = {isa = PBXBuildFile; fileRef = 18A4703F1C88781100038F40 /* Config.plist */; };
		18A470451C887B0000038F40 /* NSDictionary+DataAccess.m in Sources */ = {isa = PBXBuildFile; fileRef = 18A470441C887B0000038F40 /* NSDictionary+DataAccess.m */; };
		18A4704A1C8AECE300038F40 /* 37x-Checkmark.png in Resources */ = {isa = PBXBuildFile; fileRef = 18A470471C8AECE200038F40 /* 37x-Checkmark.png */; };
		18A4704B1C8AECE300038F40 /* MBProgressHUD.m in Sources */ = {isa = PBXBuildFile; fileRef = 18A470491C8AECE200038F40 /* MBProgressHUD.m */; };
		18A4704E1C8AF13F00038F40 /* NSString+Format.m in Sources */ = {isa = PBXBuildFile; fileRef = 18A4704D1C8AF13F00038F40 /* NSString+Format.m */; };
		18A470511C8AF5A200038F40 /* LoadingManager.m in Sources */ = {isa = PBXBuildFile; fileRef = 18A470501C8AF5A200038F40 /* LoadingManager.m */; };
		18A470541C8AFE3B00038F40 /* FileUploadBLL.m in Sources */ = {isa = PBXBuildFile; fileRef = 18A470531C8AFE3B00038F40 /* FileUploadBLL.m */; };
		18B3080D1C799C7D00851C25 /* ImagePickHelper.m in Sources */ = {isa = PBXBuildFile; fileRef = 18B3080C1C799C7D00851C25 /* ImagePickHelper.m */; };
		18B36B891C709EA200BF5E38 /* Store.storyboard in Resources */ = {isa = PBXBuildFile; fileRef = 18B36B881C709EA200BF5E38 /* Store.storyboard */; };
		18B36B8F1C70A4AD00BF5E38 /* StoreManagerViewController.m in Sources */ = {isa = PBXBuildFile; fileRef = 18B36B8E1C70A4AD00BF5E38 /* StoreManagerViewController.m */; };
		18CBC4F71C75FC7600EEE301 /* MineViewController.m in Sources */ = {isa = PBXBuildFile; fileRef = 18CBC4F61C75FC7600EEE301 /* MineViewController.m */; };
		18CBC4FA1C760CFD00EEE301 /* MyProductsViewController.m in Sources */ = {isa = PBXBuildFile; fileRef = 18CBC4F91C760CFD00EEE301 /* MyProductsViewController.m */; };
		18CBC4FD1C760FC300EEE301 /* MyProductCell.m in Sources */ = {isa = PBXBuildFile; fileRef = 18CBC4FC1C760FC300EEE301 /* MyProductCell.m */; };
		18CBC4FF1C760FDB00EEE301 /* MyProductCell.xib in Resources */ = {isa = PBXBuildFile; fileRef = 18CBC4FE1C760FDB00EEE301 /* MyProductCell.xib */; };
		18CF31651C5DF4800094BF7F /* Store+CoreDataProperties.m in Sources */ = {isa = PBXBuildFile; fileRef = 18CF31621C5DF4800094BF7F /* Store+CoreDataProperties.m */; };
		18CF31661C5DF4800094BF7F /* Store.m in Sources */ = {isa = PBXBuildFile; fileRef = 18CF31641C5DF4800094BF7F /* Store.m */; };
		18CF31681C5E00040094BF7F /* StoreCell.xib in Resources */ = {isa = PBXBuildFile; fileRef = 18CF31671C5E00040094BF7F /* StoreCell.xib */; };
		18CF316E1C5E005F0094BF7F /* StoreCell.m in Sources */ = {isa = PBXBuildFile; fileRef = 18CF316D1C5E005F0094BF7F /* StoreCell.m */; };
		18CF31711C5E02AF0094BF7F /* StoreViewController.m in Sources */ = {isa = PBXBuildFile; fileRef = 18CF31701C5E02AF0094BF7F /* StoreViewController.m */; };
		18DE40E21C96E167000DB3B1 /* DNAlbumTableViewController.m in Sources */ = {isa = PBXBuildFile; fileRef = 18DE40B91C96E167000DB3B1 /* DNAlbumTableViewController.m */; };
		18DE40E31C96E167000DB3B1 /* DNAsset.m in Sources */ = {isa = PBXBuildFile; fileRef = 18DE40BB1C96E167000DB3B1 /* DNAsset.m */; };
		18DE40E41C96E167000DB3B1 /* DNImageFlowViewController.m in Sources */ = {isa = PBXBuildFile; fileRef = 18DE40BD1C96E167000DB3B1 /* DNImageFlowViewController.m */; };
		18DE40E51C96E167000DB3B1 /* DNImagePickerController.m in Sources */ = {isa = PBXBuildFile; fileRef = 18DE40BF1C96E167000DB3B1 /* DNImagePickerController.m */; };
		18DE40E61C96E167000DB3B1 /* DNImagePickerController.strings in Resources */ = {isa = PBXBuildFile; fileRef = 18DE40C01C96E167000DB3B1 /* DNImagePickerController.strings */; };
		18DE40E71C96E167000DB3B1 /* DNPhotoBrowser.m in Sources */ = {isa = PBXBuildFile; fileRef = 18DE40C21C96E167000DB3B1 /* DNPhotoBrowser.m */; };
		18DE40E81C96E167000DB3B1 /* DNImagePicker.strings in Resources */ = {isa = PBXBuildFile; fileRef = 18DE40C31C96E167000DB3B1 /* DNImagePicker.strings */; };
		18DE40E91C96E167000DB3B1 /* NSURL+DNIMagePickerUrlEqual.m in Sources */ = {isa = PBXBuildFile; fileRef = 18DE40C71C96E167000DB3B1 /* NSURL+DNIMagePickerUrlEqual.m */; };
		18DE40EA1C96E167000DB3B1 /* UIColor+Hex.m in Sources */ = {isa = PBXBuildFile; fileRef = 18DE40C91C96E167000DB3B1 /* UIColor+Hex.m */; };
		18DE40EB1C96E167000DB3B1 /* UIView+DNImagePicker.m in Sources */ = {isa = PBXBuildFile; fileRef = 18DE40CB1C96E167000DB3B1 /* UIView+DNImagePicker.m */; };
		18DE40EC1C96E167000DB3B1 /* UIViewController+DNImagePicker.m in Sources */ = {isa = PBXBuildFile; fileRef = 18DE40CD1C96E167000DB3B1 /* UIViewController+DNImagePicker.m */; };
		18DE40ED1C96E167000DB3B1 /* imageResources.xcassets in Resources */ = {isa = PBXBuildFile; fileRef = 18DE40CE1C96E167000DB3B1 /* imageResources.xcassets */; };
		18DE40EE1C96E167000DB3B1 /* ImagesPicker.xcassets in Resources */ = {isa = PBXBuildFile; fileRef = 18DE40CF1C96E167000DB3B1 /* ImagesPicker.xcassets */; };
		18DE40EF1C96E167000DB3B1 /* DNAssetsViewCell.m in Sources */ = {isa = PBXBuildFile; fileRef = 18DE40D21C96E167000DB3B1 /* DNAssetsViewCell.m */; };
		18DE40F01C96E167000DB3B1 /* DNBadgeLabel.m in Sources */ = {isa = PBXBuildFile; fileRef = 18DE40D41C96E167000DB3B1 /* DNBadgeLabel.m */; };
		18DE40F11C96E167000DB3B1 /* DNBrowserCell.m in Sources */ = {isa = PBXBuildFile; fileRef = 18DE40D61C96E167000DB3B1 /* DNBrowserCell.m */; };
		18DE40F21C96E167000DB3B1 /* DNFullImageButton.m in Sources */ = {isa = PBXBuildFile; fileRef = 18DE40D81C96E167000DB3B1 /* DNFullImageButton.m */; };
		18DE40F31C96E167000DB3B1 /* DNSendButton.m in Sources */ = {isa = PBXBuildFile; fileRef = 18DE40DA1C96E167000DB3B1 /* DNSendButton.m */; };
		18DE40F41C96E167000DB3B1 /* DNTapDetectingImageView.m in Sources */ = {isa = PBXBuildFile; fileRef = 18DE40DC1C96E167000DB3B1 /* DNTapDetectingImageView.m */; };
		18DE40F51C96E167000DB3B1 /* DNUnAuthorizedTipsView.m in Sources */ = {isa = PBXBuildFile; fileRef = 18DE40DE1C96E167000DB3B1 /* DNUnAuthorizedTipsView.m */; };
		18DE40F61C96E167000DB3B1 /* JKPromptView.m in Sources */ = {isa = PBXBuildFile; fileRef = 18DE40E01C96E167000DB3B1 /* JKPromptView.m */; };
		18DE40F81C96EB8A000DB3B1 /* AssetsLibrary.framework in Frameworks */ = {isa = PBXBuildFile; fileRef = 18DE40F71C96EB8A000DB3B1 /* AssetsLibrary.framework */; };
		18FD7C251C91B8A0008B85A6 /* MBProgressHUD+NJ.m in Sources */ = {isa = PBXBuildFile; fileRef = 18FD7C241C91B8A0008B85A6 /* MBProgressHUD+NJ.m */; };
		18FD7C271C91BC64008B85A6 /* MBProgressHUD.bundle in Resources */ = {isa = PBXBuildFile; fileRef = 18FD7C261C91BC63008B85A6 /* MBProgressHUD.bundle */; };
/* End PBXBuildFile section */

/* Begin PBXFileReference section */
		180DF7301C54B39500DE4C21 /* ProductModel.h */ = {isa = PBXFileReference; fileEncoding = 4; lastKnownFileType = sourcecode.c.h; path = ProductModel.h; sourceTree = "<group>"; };
		180DF7311C54B39500DE4C21 /* ProductModel.m */ = {isa = PBXFileReference; fileEncoding = 4; lastKnownFileType = sourcecode.c.objc; path = ProductModel.m; sourceTree = "<group>"; };
		180DF7331C54B59100DE4C21 /* StoreModel.h */ = {isa = PBXFileReference; fileEncoding = 4; lastKnownFileType = sourcecode.c.h; path = StoreModel.h; sourceTree = "<group>"; };
		180DF7341C54B59100DE4C21 /* StoreModel.m */ = {isa = PBXFileReference; fileEncoding = 4; lastKnownFileType = sourcecode.c.objc; path = StoreModel.m; sourceTree = "<group>"; };
		180DF7371C54BC6500DE4C21 /* NavigatorManager.h */ = {isa = PBXFileReference; fileEncoding = 4; lastKnownFileType = sourcecode.c.h; path = NavigatorManager.h; sourceTree = "<group>"; };
		180DF7381C54BC6500DE4C21 /* NavigatorManager.m */ = {isa = PBXFileReference; fileEncoding = 4; lastKnownFileType = sourcecode.c.objc; path = NavigatorManager.m; sourceTree = "<group>"; };
		1840A7591C4D2407009767C9 /* ArtisticPhoto.xcdatamodel */ = {isa = PBXFileReference; lastKnownFileType = wrapper.xcdatamodel; path = ArtisticPhoto.xcdatamodel; sourceTree = "<group>"; };
		1869C4411C565AC900F02EE7 /* Product+CoreDataProperties.h */ = {isa = PBXFileReference; fileEncoding = 4; lastKnownFileType = sourcecode.c.h; path = "Product+CoreDataProperties.h"; sourceTree = "<group>"; };
		1869C4421C565AC900F02EE7 /* Product+CoreDataProperties.m */ = {isa = PBXFileReference; fileEncoding = 4; lastKnownFileType = sourcecode.c.objc; path = "Product+CoreDataProperties.m"; sourceTree = "<group>"; };
		1869C4431C565AC900F02EE7 /* Product.h */ = {isa = PBXFileReference; fileEncoding = 4; lastKnownFileType = sourcecode.c.h; path = Product.h; sourceTree = "<group>"; };
		1869C4441C565AC900F02EE7 /* Product.m */ = {isa = PBXFileReference; fileEncoding = 4; lastKnownFileType = sourcecode.c.objc; path = Product.m; sourceTree = "<group>"; };
		186AFB4D1C58EF390099BC6F /* CustomerNavigatorItem.h */ = {isa = PBXFileReference; fileEncoding = 4; lastKnownFileType = sourcecode.c.h; path = CustomerNavigatorItem.h; sourceTree = "<group>"; };
		186AFB4E1C58EF390099BC6F /* CustomerNavigatorItem.m */ = {isa = PBXFileReference; fileEncoding = 4; lastKnownFileType = sourcecode.c.objc; path = CustomerNavigatorItem.m; sourceTree = "<group>"; };
		186AFB501C5900F10099BC6F /* ProductDescription.xib */ = {isa = PBXFileReference; fileEncoding = 4; lastKnownFileType = file.xib; path = ProductDescription.xib; sourceTree = "<group>"; };
		186AFB521C59012A0099BC6F /* ProductDescription.h */ = {isa = PBXFileReference; fileEncoding = 4; lastKnownFileType = sourcecode.c.h; path = ProductDescription.h; sourceTree = "<group>"; };
		186AFB531C59012A0099BC6F /* ProductDescription.m */ = {isa = PBXFileReference; fileEncoding = 4; lastKnownFileType = sourcecode.c.objc; path = ProductDescription.m; sourceTree = "<group>"; };
		186BA7921C761C4600D7FA1F /* ProductManagerViewController.h */ = {isa = PBXFileReference; fileEncoding = 4; lastKnownFileType = sourcecode.c.h; path = ProductManagerViewController.h; sourceTree = "<group>"; };
		186BA7931C761C4600D7FA1F /* ProductManagerViewController.m */ = {isa = PBXFileReference; fileEncoding = 4; lastKnownFileType = sourcecode.c.objc; path = ProductManagerViewController.m; sourceTree = "<group>"; };
		186BA7951C761F1500D7FA1F /* ImageEdittingCell.h */ = {isa = PBXFileReference; fileEncoding = 4; lastKnownFileType = sourcecode.c.h; path = ImageEdittingCell.h; sourceTree = "<group>"; };
		186BA7961C761F1500D7FA1F /* ImageEdittingCell.m */ = {isa = PBXFileReference; fileEncoding = 4; lastKnownFileType = sourcecode.c.objc; path = ImageEdittingCell.m; sourceTree = "<group>"; };
		186BA7971C761F1500D7FA1F /* ImageEdittingCell.xib */ = {isa = PBXFileReference; fileEncoding = 4; lastKnownFileType = file.xib; path = ImageEdittingCell.xib; sourceTree = "<group>"; };
		186D4C9B1C57A9E100FF6957 /* Payment.storyboard */ = {isa = PBXFileReference; fileEncoding = 4; lastKnownFileType = file.storyboard; path = Payment.storyboard; sourceTree = "<group>"; };
		186D4C9D1C57A9F600FF6957 /* PaymentViewController.h */ = {isa = PBXFileReference; fileEncoding = 4; lastKnownFileType = sourcecode.c.h; path = PaymentViewController.h; sourceTree = "<group>"; };
		186D4C9E1C57A9F600FF6957 /* PaymentViewController.m */ = {isa = PBXFileReference; fileEncoding = 4; lastKnownFileType = sourcecode.c.objc; path = PaymentViewController.m; sourceTree = "<group>"; };
		186D4CA31C57BB9900FF6957 /* CustomerNavigatorItem.xib */ = {isa = PBXFileReference; fileEncoding = 4; lastKnownFileType = file.xib; path = CustomerNavigatorItem.xib; sourceTree = "<group>"; };
		187DC03A1C45392700D8AE6F /* ProductCell.h */ = {isa = PBXFileReference; fileEncoding = 4; lastKnownFileType = sourcecode.c.h; path = ProductCell.h; sourceTree = "<group>"; };
		187DC03B1C45392700D8AE6F /* ProductCell.m */ = {isa = PBXFileReference; fileEncoding = 4; lastKnownFileType = sourcecode.c.objc; path = ProductCell.m; sourceTree = "<group>"; };
		187DC03E1C4549B200D8AE6F /* ConstFile.h */ = {isa = PBXFileReference; lastKnownFileType = sourcecode.c.h; path = ConstFile.h; sourceTree = "<group>"; };
		187E9C401C3EA3C100DEEA0B /* 约拍.app */ = {isa = PBXFileReference; explicitFileType = wrapper.application; includeInIndex = 0; path = "约拍.app"; sourceTree = BUILT_PRODUCTS_DIR; };
		187E9C441C3EA3C100DEEA0B /* main.m */ = {isa = PBXFileReference; lastKnownFileType = sourcecode.c.objc; path = main.m; sourceTree = "<group>"; };
		187E9C461C3EA3C100DEEA0B /* AppDelegate.h */ = {isa = PBXFileReference; lastKnownFileType = sourcecode.c.h; path = AppDelegate.h; sourceTree = "<group>"; };
		187E9C471C3EA3C100DEEA0B /* AppDelegate.m */ = {isa = PBXFileReference; lastKnownFileType = sourcecode.c.objc; path = AppDelegate.m; sourceTree = "<group>"; };
		187E9C521C3EA3C100DEEA0B /* Assets.xcassets */ = {isa = PBXFileReference; lastKnownFileType = folder.assetcatalog; path = Assets.xcassets; sourceTree = "<group>"; };
		187E9C551C3EA3C100DEEA0B /* Base */ = {isa = PBXFileReference; lastKnownFileType = file.storyboard; name = Base; path = Base.lproj/LaunchScreen.storyboard; sourceTree = "<group>"; };
		187E9C571C3EA3C100DEEA0B /* Info.plist */ = {isa = PBXFileReference; lastKnownFileType = text.plist.xml; path = Info.plist; sourceTree = "<group>"; };
		187E9C651C3EA77000DEEA0B /* Dashboard.storyboard */ = {isa = PBXFileReference; fileEncoding = 4; lastKnownFileType = file.storyboard; name = Dashboard.storyboard; path = "约拍/ViewController/Dashboard/Dashboard.storyboard"; sourceTree = SOURCE_ROOT; };
		187F26281C4E76510007FA4E /* DiskCacheManager.h */ = {isa = PBXFileReference; fileEncoding = 4; lastKnownFileType = sourcecode.c.h; path = DiskCacheManager.h; sourceTree = "<group>"; };
		187F26291C4E76510007FA4E /* DiskCacheManager.m */ = {isa = PBXFileReference; fileEncoding = 4; lastKnownFileType = sourcecode.c.objc; path = DiskCacheManager.m; sourceTree = "<group>"; };
		1888FD311C4B94980071ABFD /* UIView+Snapshot.h */ = {isa = PBXFileReference; fileEncoding = 4; lastKnownFileType = sourcecode.c.h; path = "UIView+Snapshot.h"; sourceTree = "<group>"; };
		1888FD321C4B94980071ABFD /* UIView+Snapshot.m */ = {isa = PBXFileReference; fileEncoding = 4; lastKnownFileType = sourcecode.c.objc; path = "UIView+Snapshot.m"; sourceTree = "<group>"; };
		1888FD341C4BB6970071ABFD /* UIImage+WebCache.h */ = {isa = PBXFileReference; fileEncoding = 4; lastKnownFileType = sourcecode.c.h; path = "UIImage+WebCache.h"; sourceTree = "<group>"; };
		1888FD351C4BB6970071ABFD /* UIImage+WebCache.m */ = {isa = PBXFileReference; fileEncoding = 4; lastKnownFileType = sourcecode.c.objc; path = "UIImage+WebCache.m"; sourceTree = "<group>"; };
		18895D2D1C47CC7F00586CD9 /* PhotoCell.xib */ = {isa = PBXFileReference; fileEncoding = 4; lastKnownFileType = file.xib; path = PhotoCell.xib; sourceTree = "<group>"; };
		18895D2F1C47CC9F00586CD9 /* PhotoCell.h */ = {isa = PBXFileReference; fileEncoding = 4; lastKnownFileType = sourcecode.c.h; path = PhotoCell.h; sourceTree = "<group>"; };
		18895D301C47CC9F00586CD9 /* PhotoCell.m */ = {isa = PBXFileReference; fileEncoding = 4; lastKnownFileType = sourcecode.c.objc; path = PhotoCell.m; sourceTree = "<group>"; };
		18895D321C47CDAC00586CD9 /* PhotosViewController.h */ = {isa = PBXFileReference; fileEncoding = 4; lastKnownFileType = sourcecode.c.h; path = PhotosViewController.h; sourceTree = "<group>"; };
		18895D331C47CDAC00586CD9 /* PhotosViewController.m */ = {isa = PBXFileReference; fileEncoding = 4; lastKnownFileType = sourcecode.c.objc; path = PhotosViewController.m; sourceTree = "<group>"; };
		18895D3E1C47E07900586CD9 /* PhotoViewController.h */ = {isa = PBXFileReference; fileEncoding = 4; lastKnownFileType = sourcecode.c.h; path = PhotoViewController.h; sourceTree = "<group>"; };
		18895D3F1C47E07900586CD9 /* PhotoViewController.m */ = {isa = PBXFileReference; fileEncoding = 4; lastKnownFileType = sourcecode.c.objc; path = PhotoViewController.m; sourceTree = "<group>"; };
		18895D411C47E9C000586CD9 /* PhotosPageViewController.h */ = {isa = PBXFileReference; fileEncoding = 4; lastKnownFileType = sourcecode.c.h; path = PhotosPageViewController.h; sourceTree = "<group>"; };
		18895D421C47E9C000586CD9 /* PhotosPageViewController.m */ = {isa = PBXFileReference; fileEncoding = 4; lastKnownFileType = sourcecode.c.objc; path = PhotosPageViewController.m; sourceTree = "<group>"; };
		188A7F2B1C5DE10100D63BC6 /* StoreDescription.h */ = {isa = PBXFileReference; fileEncoding = 4; lastKnownFileType = sourcecode.c.h; path = StoreDescription.h; sourceTree = "<group>"; };
		188A7F2C1C5DE10100D63BC6 /* StoreDescription.m */ = {isa = PBXFileReference; fileEncoding = 4; lastKnownFileType = sourcecode.c.objc; path = StoreDescription.m; sourceTree = "<group>"; };
		188A7F2E1C5DE14600D63BC6 /* StoreDescription.xib */ = {isa = PBXFileReference; fileEncoding = 4; lastKnownFileType = file.xib; path = StoreDescription.xib; sourceTree = "<group>"; };
		188C9CF31C41040900DD1B72 /* ActionCell.xib */ = {isa = PBXFileReference; fileEncoding = 4; lastKnownFileType = file.xib; path = ActionCell.xib; sourceTree = "<group>"; };
		188C9CF91C4105A900DD1B72 /* ActionModel.h */ = {isa = PBXFileReference; fileEncoding = 4; lastKnownFileType = sourcecode.c.h; path = ActionModel.h; sourceTree = "<group>"; };
		188C9CFA1C4105A900DD1B72 /* ActionModel.m */ = {isa = PBXFileReference; fileEncoding = 4; lastKnownFileType = sourcecode.c.objc; path = ActionModel.m; sourceTree = "<group>"; };
		188C9CFC1C41067900DD1B72 /* ActionCell.h */ = {isa = PBXFileReference; fileEncoding = 4; lastKnownFileType = sourcecode.c.h; path = ActionCell.h; sourceTree = "<group>"; };
		188C9CFD1C41067900DD1B72 /* ActionCell.m */ = {isa = PBXFileReference; fileEncoding = 4; lastKnownFileType = sourcecode.c.objc; path = ActionCell.m; sourceTree = "<group>"; };
		188C9D071C42166B00DD1B72 /* PageControlViewController.h */ = {isa = PBXFileReference; fileEncoding = 4; lastKnownFileType = sourcecode.c.h; path = PageControlViewController.h; sourceTree = "<group>"; };
		188C9D081C42166B00DD1B72 /* PageControlViewController.m */ = {isa = PBXFileReference; fileEncoding = 4; lastKnownFileType = sourcecode.c.objc; path = PageControlViewController.m; sourceTree = "<group>"; };
		188C9D0A1C421DFA00DD1B72 /* BaseCellModel.h */ = {isa = PBXFileReference; fileEncoding = 4; lastKnownFileType = sourcecode.c.h; path = BaseCellModel.h; sourceTree = "<group>"; };
		188C9D0B1C421DFA00DD1B72 /* BaseCellModel.m */ = {isa = PBXFileReference; fileEncoding = 4; lastKnownFileType = sourcecode.c.objc; path = BaseCellModel.m; sourceTree = "<group>"; };
		188C9D0F1C422E0B00DD1B72 /* MKAnnotationView+WebCache.h */ = {isa = PBXFileReference; fileEncoding = 4; lastKnownFileType = sourcecode.c.h; path = "MKAnnotationView+WebCache.h"; sourceTree = "<group>"; };
		188C9D101C422E0B00DD1B72 /* MKAnnotationView+WebCache.m */ = {isa = PBXFileReference; fileEncoding = 4; lastKnownFileType = sourcecode.c.objc; path = "MKAnnotationView+WebCache.m"; sourceTree = "<group>"; };
		188C9D111C422E0B00DD1B72 /* NSData+ImageContentType.h */ = {isa = PBXFileReference; fileEncoding = 4; lastKnownFileType = sourcecode.c.h; path = "NSData+ImageContentType.h"; sourceTree = "<group>"; };
		188C9D121C422E0B00DD1B72 /* NSData+ImageContentType.m */ = {isa = PBXFileReference; fileEncoding = 4; lastKnownFileType = sourcecode.c.objc; path = "NSData+ImageContentType.m"; sourceTree = "<group>"; };
		188C9D131C422E0B00DD1B72 /* SDImageCache.h */ = {isa = PBXFileReference; fileEncoding = 4; lastKnownFileType = sourcecode.c.h; path = SDImageCache.h; sourceTree = "<group>"; };
		188C9D141C422E0B00DD1B72 /* SDImageCache.m */ = {isa = PBXFileReference; fileEncoding = 4; lastKnownFileType = sourcecode.c.objc; path = SDImageCache.m; sourceTree = "<group>"; };
		188C9D151C422E0B00DD1B72 /* SDWebImageCompat.h */ = {isa = PBXFileReference; fileEncoding = 4; lastKnownFileType = sourcecode.c.h; path = SDWebImageCompat.h; sourceTree = "<group>"; };
		188C9D161C422E0B00DD1B72 /* SDWebImageCompat.m */ = {isa = PBXFileReference; fileEncoding = 4; lastKnownFileType = sourcecode.c.objc; path = SDWebImageCompat.m; sourceTree = "<group>"; };
		188C9D171C422E0B00DD1B72 /* SDWebImageDecoder.h */ = {isa = PBXFileReference; fileEncoding = 4; lastKnownFileType = sourcecode.c.h; path = SDWebImageDecoder.h; sourceTree = "<group>"; };
		188C9D181C422E0B00DD1B72 /* SDWebImageDecoder.m */ = {isa = PBXFileReference; fileEncoding = 4; lastKnownFileType = sourcecode.c.objc; path = SDWebImageDecoder.m; sourceTree = "<group>"; };
		188C9D191C422E0B00DD1B72 /* SDWebImageDownloader.h */ = {isa = PBXFileReference; fileEncoding = 4; lastKnownFileType = sourcecode.c.h; path = SDWebImageDownloader.h; sourceTree = "<group>"; };
		188C9D1A1C422E0B00DD1B72 /* SDWebImageDownloader.m */ = {isa = PBXFileReference; fileEncoding = 4; lastKnownFileType = sourcecode.c.objc; path = SDWebImageDownloader.m; sourceTree = "<group>"; };
		188C9D1B1C422E0B00DD1B72 /* SDWebImageDownloaderOperation.h */ = {isa = PBXFileReference; fileEncoding = 4; lastKnownFileType = sourcecode.c.h; path = SDWebImageDownloaderOperation.h; sourceTree = "<group>"; };
		188C9D1C1C422E0B00DD1B72 /* SDWebImageDownloaderOperation.m */ = {isa = PBXFileReference; fileEncoding = 4; lastKnownFileType = sourcecode.c.objc; path = SDWebImageDownloaderOperation.m; sourceTree = "<group>"; };
		188C9D1D1C422E0B00DD1B72 /* SDWebImageManager.h */ = {isa = PBXFileReference; fileEncoding = 4; lastKnownFileType = sourcecode.c.h; path = SDWebImageManager.h; sourceTree = "<group>"; };
		188C9D1E1C422E0B00DD1B72 /* SDWebImageManager.m */ = {isa = PBXFileReference; fileEncoding = 4; lastKnownFileType = sourcecode.c.objc; path = SDWebImageManager.m; sourceTree = "<group>"; };
		188C9D1F1C422E0B00DD1B72 /* SDWebImageOperation.h */ = {isa = PBXFileReference; fileEncoding = 4; lastKnownFileType = sourcecode.c.h; path = SDWebImageOperation.h; sourceTree = "<group>"; };
		188C9D201C422E0B00DD1B72 /* SDWebImagePrefetcher.h */ = {isa = PBXFileReference; fileEncoding = 4; lastKnownFileType = sourcecode.c.h; path = SDWebImagePrefetcher.h; sourceTree = "<group>"; };
		188C9D211C422E0B00DD1B72 /* SDWebImagePrefetcher.m */ = {isa = PBXFileReference; fileEncoding = 4; lastKnownFileType = sourcecode.c.objc; path = SDWebImagePrefetcher.m; sourceTree = "<group>"; };
		188C9D221C422E0B00DD1B72 /* UIButton+WebCache.h */ = {isa = PBXFileReference; fileEncoding = 4; lastKnownFileType = sourcecode.c.h; path = "UIButton+WebCache.h"; sourceTree = "<group>"; };
		188C9D231C422E0B00DD1B72 /* UIButton+WebCache.m */ = {isa = PBXFileReference; fileEncoding = 4; lastKnownFileType = sourcecode.c.objc; path = "UIButton+WebCache.m"; sourceTree = "<group>"; };
		188C9D241C422E0B00DD1B72 /* UIImage+GIF.h */ = {isa = PBXFileReference; fileEncoding = 4; lastKnownFileType = sourcecode.c.h; path = "UIImage+GIF.h"; sourceTree = "<group>"; };
		188C9D251C422E0B00DD1B72 /* UIImage+GIF.m */ = {isa = PBXFileReference; fileEncoding = 4; lastKnownFileType = sourcecode.c.objc; path = "UIImage+GIF.m"; sourceTree = "<group>"; };
		188C9D261C422E0B00DD1B72 /* UIImage+MultiFormat.h */ = {isa = PBXFileReference; fileEncoding = 4; lastKnownFileType = sourcecode.c.h; path = "UIImage+MultiFormat.h"; sourceTree = "<group>"; };
		188C9D271C422E0B00DD1B72 /* UIImage+MultiFormat.m */ = {isa = PBXFileReference; fileEncoding = 4; lastKnownFileType = sourcecode.c.objc; path = "UIImage+MultiFormat.m"; sourceTree = "<group>"; };
		188C9D281C422E0B00DD1B72 /* UIImage+WebP.h */ = {isa = PBXFileReference; fileEncoding = 4; lastKnownFileType = sourcecode.c.h; path = "UIImage+WebP.h"; sourceTree = "<group>"; };
		188C9D291C422E0B00DD1B72 /* UIImage+WebP.m */ = {isa = PBXFileReference; fileEncoding = 4; lastKnownFileType = sourcecode.c.objc; path = "UIImage+WebP.m"; sourceTree = "<group>"; };
		188C9D2A1C422E0B00DD1B72 /* UIImageView+HighlightedWebCache.h */ = {isa = PBXFileReference; fileEncoding = 4; lastKnownFileType = sourcecode.c.h; path = "UIImageView+HighlightedWebCache.h"; sourceTree = "<group>"; };
		188C9D2B1C422E0B00DD1B72 /* UIImageView+HighlightedWebCache.m */ = {isa = PBXFileReference; fileEncoding = 4; lastKnownFileType = sourcecode.c.objc; path = "UIImageView+HighlightedWebCache.m"; sourceTree = "<group>"; };
		188C9D2C1C422E0B00DD1B72 /* UIImageView+WebCache.h */ = {isa = PBXFileReference; fileEncoding = 4; lastKnownFileType = sourcecode.c.h; path = "UIImageView+WebCache.h"; sourceTree = "<group>"; };
		188C9D2D1C422E0B00DD1B72 /* UIImageView+WebCache.m */ = {isa = PBXFileReference; fileEncoding = 4; lastKnownFileType = sourcecode.c.objc; path = "UIImageView+WebCache.m"; sourceTree = "<group>"; };
		188C9D2E1C422E0B00DD1B72 /* UIView+WebCacheOperation.h */ = {isa = PBXFileReference; fileEncoding = 4; lastKnownFileType = sourcecode.c.h; path = "UIView+WebCacheOperation.h"; sourceTree = "<group>"; };
		188C9D2F1C422E0B00DD1B72 /* UIView+WebCacheOperation.m */ = {isa = PBXFileReference; fileEncoding = 4; lastKnownFileType = sourcecode.c.objc; path = "UIView+WebCacheOperation.m"; sourceTree = "<group>"; };
		188C9D401C423E9F00DD1B72 /* DashboardViewController.h */ = {isa = PBXFileReference; fileEncoding = 4; lastKnownFileType = sourcecode.c.h; path = DashboardViewController.h; sourceTree = "<group>"; };
		188C9D411C423E9F00DD1B72 /* DashboardViewController.m */ = {isa = PBXFileReference; fileEncoding = 4; lastKnownFileType = sourcecode.c.objc; path = DashboardViewController.m; sourceTree = "<group>"; };
		188C9D461C423F4E00DD1B72 /* ActionSummaryCell.h */ = {isa = PBXFileReference; fileEncoding = 4; lastKnownFileType = sourcecode.c.h; path = ActionSummaryCell.h; sourceTree = "<group>"; };
		188C9D471C423F4E00DD1B72 /* ActionSummaryCell.m */ = {isa = PBXFileReference; fileEncoding = 4; lastKnownFileType = sourcecode.c.objc; path = ActionSummaryCell.m; sourceTree = "<group>"; };
		188C9D491C423F6200DD1B72 /* ActionSummaryCell.xib */ = {isa = PBXFileReference; fileEncoding = 4; lastKnownFileType = file.xib; path = ActionSummaryCell.xib; sourceTree = "<group>"; };
		188C9D4B1C42441800DD1B72 /* BaseTableViewCell.h */ = {isa = PBXFileReference; fileEncoding = 4; lastKnownFileType = sourcecode.c.h; path = BaseTableViewCell.h; sourceTree = "<group>"; };
		188C9D4C1C42441800DD1B72 /* BaseTableViewCell.m */ = {isa = PBXFileReference; fileEncoding = 4; lastKnownFileType = sourcecode.c.objc; path = BaseTableViewCell.m; sourceTree = "<group>"; };
		189610A51C43D9CE00F3F037 /* ProductsViewController.h */ = {isa = PBXFileReference; fileEncoding = 4; lastKnownFileType = sourcecode.c.h; path = ProductsViewController.h; sourceTree = "<group>"; };
		189610A61C43D9CE00F3F037 /* ProductsViewController.m */ = {isa = PBXFileReference; fileEncoding = 4; lastKnownFileType = sourcecode.c.objc; path = ProductsViewController.m; sourceTree = "<group>"; };
		189610A81C43D9EB00F3F037 /* Product.storyboard */ = {isa = PBXFileReference; fileEncoding = 4; lastKnownFileType = file.storyboard; path = Product.storyboard; sourceTree = "<group>"; };
		189610AC1C44015900F3F037 /* ProductCell.xib */ = {isa = PBXFileReference; fileEncoding = 4; lastKnownFileType = file.xib; path = ProductCell.xib; sourceTree = "<group>"; };
		189AA6211C4FB5CB00E1915E /* Default.jpg */ = {isa = PBXFileReference; lastKnownFileType = image.jpeg; path = Default.jpg; sourceTree = "<group>"; };
		189AA66E1C4FCF6300E1915E /* PrefixHeader.pch */ = {isa = PBXFileReference; fileEncoding = 4; lastKnownFileType = sourcecode.c.h; path = PrefixHeader.pch; sourceTree = "<group>"; };
		18A470241C88765C00038F40 /* AFHTTPSessionManager.h */ = {isa = PBXFileReference; fileEncoding = 4; lastKnownFileType = sourcecode.c.h; path = AFHTTPSessionManager.h; sourceTree = "<group>"; };
		18A470251C88765C00038F40 /* AFHTTPSessionManager.m */ = {isa = PBXFileReference; fileEncoding = 4; lastKnownFileType = sourcecode.c.objc; path = AFHTTPSessionManager.m; sourceTree = "<group>"; };
		18A470261C88765C00038F40 /* AFNetworking.h */ = {isa = PBXFileReference; fileEncoding = 4; lastKnownFileType = sourcecode.c.h; path = AFNetworking.h; sourceTree = "<group>"; };
		18A470271C88765C00038F40 /* AFNetworkReachabilityManager.h */ = {isa = PBXFileReference; fileEncoding = 4; lastKnownFileType = sourcecode.c.h; path = AFNetworkReachabilityManager.h; sourceTree = "<group>"; };
		18A470281C88765C00038F40 /* AFNetworkReachabilityManager.m */ = {isa = PBXFileReference; fileEncoding = 4; lastKnownFileType = sourcecode.c.objc; path = AFNetworkReachabilityManager.m; sourceTree = "<group>"; };
		18A470291C88765C00038F40 /* AFSecurityPolicy.h */ = {isa = PBXFileReference; fileEncoding = 4; lastKnownFileType = sourcecode.c.h; path = AFSecurityPolicy.h; sourceTree = "<group>"; };
		18A4702A1C88765C00038F40 /* AFSecurityPolicy.m */ = {isa = PBXFileReference; fileEncoding = 4; lastKnownFileType = sourcecode.c.objc; path = AFSecurityPolicy.m; sourceTree = "<group>"; };
		18A4702B1C88765C00038F40 /* AFURLRequestSerialization.h */ = {isa = PBXFileReference; fileEncoding = 4; lastKnownFileType = sourcecode.c.h; path = AFURLRequestSerialization.h; sourceTree = "<group>"; };
		18A4702C1C88765C00038F40 /* AFURLRequestSerialization.m */ = {isa = PBXFileReference; fileEncoding = 4; lastKnownFileType = sourcecode.c.objc; path = AFURLRequestSerialization.m; sourceTree = "<group>"; };
		18A4702D1C88765C00038F40 /* AFURLResponseSerialization.h */ = {isa = PBXFileReference; fileEncoding = 4; lastKnownFileType = sourcecode.c.h; path = AFURLResponseSerialization.h; sourceTree = "<group>"; };
		18A4702E1C88765C00038F40 /* AFURLResponseSerialization.m */ = {isa = PBXFileReference; fileEncoding = 4; lastKnownFileType = sourcecode.c.objc; path = AFURLResponseSerialization.m; sourceTree = "<group>"; };
		18A4702F1C88765C00038F40 /* AFURLSessionManager.h */ = {isa = PBXFileReference; fileEncoding = 4; lastKnownFileType = sourcecode.c.h; path = AFURLSessionManager.h; sourceTree = "<group>"; };
		18A470301C88765C00038F40 /* AFURLSessionManager.m */ = {isa = PBXFileReference; fileEncoding = 4; lastKnownFileType = sourcecode.c.objc; path = AFURLSessionManager.m; sourceTree = "<group>"; };
		18A470391C88770F00038F40 /* StoreBLL.h */ = {isa = PBXFileReference; fileEncoding = 4; lastKnownFileType = sourcecode.c.h; path = StoreBLL.h; sourceTree = "<group>"; };
		18A4703A1C88770F00038F40 /* StoreBLL.m */ = {isa = PBXFileReference; fileEncoding = 4; lastKnownFileType = sourcecode.c.objc; path = StoreBLL.m; sourceTree = "<group>"; };
		18A4703C1C8877B200038F40 /* HTTPSessionManager.h */ = {isa = PBXFileReference; fileEncoding = 4; lastKnownFileType = sourcecode.c.h; path = HTTPSessionManager.h; sourceTree = "<group>"; };
		18A4703D1C8877B200038F40 /* HTTPSessionManager.m */ = {isa = PBXFileReference; fileEncoding = 4; lastKnownFileType = sourcecode.c.objc; path = HTTPSessionManager.m; sourceTree = "<group>"; };
		18A4703F1C88781100038F40 /* Config.plist */ = {isa = PBXFileReference; fileEncoding = 4; lastKnownFileType = text.plist.xml; path = Config.plist; sourceTree = "<group>"; };
		18A470431C887B0000038F40 /* NSDictionary+DataAccess.h */ = {isa = PBXFileReference; fileEncoding = 4; lastKnownFileType = sourcecode.c.h; path = "NSDictionary+DataAccess.h"; sourceTree = "<group>"; };
		18A470441C887B0000038F40 /* NSDictionary+DataAccess.m */ = {isa = PBXFileReference; fileEncoding = 4; lastKnownFileType = sourcecode.c.objc; path = "NSDictionary+DataAccess.m"; sourceTree = "<group>"; };
		18A470471C8AECE200038F40 /* 37x-Checkmark.png */ = {isa = PBXFileReference; lastKnownFileType = image.png; path = "37x-Checkmark.png"; sourceTree = "<group>"; };
		18A470481C8AECE200038F40 /* MBProgressHUD.h */ = {isa = PBXFileReference; fileEncoding = 4; lastKnownFileType = sourcecode.c.h; path = MBProgressHUD.h; sourceTree = "<group>"; };
		18A470491C8AECE200038F40 /* MBProgressHUD.m */ = {isa = PBXFileReference; fileEncoding = 4; lastKnownFileType = sourcecode.c.objc; path = MBProgressHUD.m; sourceTree = "<group>"; };
		18A4704C1C8AF13F00038F40 /* NSString+Format.h */ = {isa = PBXFileReference; fileEncoding = 4; lastKnownFileType = sourcecode.c.h; path = "NSString+Format.h"; sourceTree = "<group>"; };
		18A4704D1C8AF13F00038F40 /* NSString+Format.m */ = {isa = PBXFileReference; fileEncoding = 4; lastKnownFileType = sourcecode.c.objc; path = "NSString+Format.m"; sourceTree = "<group>"; };
		18A4704F1C8AF5A200038F40 /* LoadingManager.h */ = {isa = PBXFileReference; fileEncoding = 4; lastKnownFileType = sourcecode.c.h; path = LoadingManager.h; sourceTree = "<group>"; };
		18A470501C8AF5A200038F40 /* LoadingManager.m */ = {isa = PBXFileReference; fileEncoding = 4; lastKnownFileType = sourcecode.c.objc; path = LoadingManager.m; sourceTree = "<group>"; };
		18A470521C8AFE3B00038F40 /* FileUploadBLL.h */ = {isa = PBXFileReference; fileEncoding = 4; lastKnownFileType = sourcecode.c.h; path = FileUploadBLL.h; sourceTree = "<group>"; };
		18A470531C8AFE3B00038F40 /* FileUploadBLL.m */ = {isa = PBXFileReference; fileEncoding = 4; lastKnownFileType = sourcecode.c.objc; path = FileUploadBLL.m; sourceTree = "<group>"; };
		18B3080B1C799C7D00851C25 /* ImagePickHelper.h */ = {isa = PBXFileReference; fileEncoding = 4; lastKnownFileType = sourcecode.c.h; path = ImagePickHelper.h; sourceTree = "<group>"; };
		18B3080C1C799C7D00851C25 /* ImagePickHelper.m */ = {isa = PBXFileReference; fileEncoding = 4; lastKnownFileType = sourcecode.c.objc; path = ImagePickHelper.m; sourceTree = "<group>"; };
		18B36B881C709EA200BF5E38 /* Store.storyboard */ = {isa = PBXFileReference; fileEncoding = 4; lastKnownFileType = file.storyboard; path = Store.storyboard; sourceTree = "<group>"; };
		18B36B8D1C70A4AD00BF5E38 /* StoreManagerViewController.h */ = {isa = PBXFileReference; fileEncoding = 4; lastKnownFileType = sourcecode.c.h; path = StoreManagerViewController.h; sourceTree = "<group>"; };
		18B36B8E1C70A4AD00BF5E38 /* StoreManagerViewController.m */ = {isa = PBXFileReference; fileEncoding = 4; lastKnownFileType = sourcecode.c.objc; path = StoreManagerViewController.m; sourceTree = "<group>"; };
		18CBC4F51C75FC7600EEE301 /* MineViewController.h */ = {isa = PBXFileReference; fileEncoding = 4; lastKnownFileType = sourcecode.c.h; path = MineViewController.h; sourceTree = "<group>"; };
		18CBC4F61C75FC7600EEE301 /* MineViewController.m */ = {isa = PBXFileReference; fileEncoding = 4; lastKnownFileType = sourcecode.c.objc; path = MineViewController.m; sourceTree = "<group>"; };
		18CBC4F81C760CFD00EEE301 /* MyProductsViewController.h */ = {isa = PBXFileReference; fileEncoding = 4; lastKnownFileType = sourcecode.c.h; path = MyProductsViewController.h; sourceTree = "<group>"; };
		18CBC4F91C760CFD00EEE301 /* MyProductsViewController.m */ = {isa = PBXFileReference; fileEncoding = 4; lastKnownFileType = sourcecode.c.objc; path = MyProductsViewController.m; sourceTree = "<group>"; };
		18CBC4FB1C760FC300EEE301 /* MyProductCell.h */ = {isa = PBXFileReference; fileEncoding = 4; lastKnownFileType = sourcecode.c.h; path = MyProductCell.h; sourceTree = "<group>"; };
		18CBC4FC1C760FC300EEE301 /* MyProductCell.m */ = {isa = PBXFileReference; fileEncoding = 4; lastKnownFileType = sourcecode.c.objc; path = MyProductCell.m; sourceTree = "<group>"; };
		18CBC4FE1C760FDB00EEE301 /* MyProductCell.xib */ = {isa = PBXFileReference; fileEncoding = 4; lastKnownFileType = file.xib; path = MyProductCell.xib; sourceTree = "<group>"; };
		18CF31611C5DF4800094BF7F /* Store+CoreDataProperties.h */ = {isa = PBXFileReference; fileEncoding = 4; lastKnownFileType = sourcecode.c.h; path = "Store+CoreDataProperties.h"; sourceTree = "<group>"; };
		18CF31621C5DF4800094BF7F /* Store+CoreDataProperties.m */ = {isa = PBXFileReference; fileEncoding = 4; lastKnownFileType = sourcecode.c.objc; path = "Store+CoreDataProperties.m"; sourceTree = "<group>"; };
		18CF31631C5DF4800094BF7F /* Store.h */ = {isa = PBXFileReference; fileEncoding = 4; lastKnownFileType = sourcecode.c.h; path = Store.h; sourceTree = "<group>"; };
		18CF31641C5DF4800094BF7F /* Store.m */ = {isa = PBXFileReference; fileEncoding = 4; lastKnownFileType = sourcecode.c.objc; path = Store.m; sourceTree = "<group>"; };
		18CF31671C5E00040094BF7F /* StoreCell.xib */ = {isa = PBXFileReference; fileEncoding = 4; lastKnownFileType = file.xib; path = StoreCell.xib; sourceTree = "<group>"; };
		18CF316C1C5E005F0094BF7F /* StoreCell.h */ = {isa = PBXFileReference; fileEncoding = 4; lastKnownFileType = sourcecode.c.h; path = StoreCell.h; sourceTree = "<group>"; };
		18CF316D1C5E005F0094BF7F /* StoreCell.m */ = {isa = PBXFileReference; fileEncoding = 4; lastKnownFileType = sourcecode.c.objc; path = StoreCell.m; sourceTree = "<group>"; };
		18CF316F1C5E02AF0094BF7F /* StoreViewController.h */ = {isa = PBXFileReference; fileEncoding = 4; lastKnownFileType = sourcecode.c.h; path = StoreViewController.h; sourceTree = "<group>"; };
		18CF31701C5E02AF0094BF7F /* StoreViewController.m */ = {isa = PBXFileReference; fileEncoding = 4; lastKnownFileType = sourcecode.c.objc; path = StoreViewController.m; sourceTree = "<group>"; };
		18DE40B81C96E167000DB3B1 /* DNAlbumTableViewController.h */ = {isa = PBXFileReference; fileEncoding = 4; lastKnownFileType = sourcecode.c.h; path = DNAlbumTableViewController.h; sourceTree = "<group>"; };
		18DE40B91C96E167000DB3B1 /* DNAlbumTableViewController.m */ = {isa = PBXFileReference; fileEncoding = 4; lastKnownFileType = sourcecode.c.objc; path = DNAlbumTableViewController.m; sourceTree = "<group>"; };
		18DE40BA1C96E167000DB3B1 /* DNAsset.h */ = {isa = PBXFileReference; fileEncoding = 4; lastKnownFileType = sourcecode.c.h; path = DNAsset.h; sourceTree = "<group>"; };
		18DE40BB1C96E167000DB3B1 /* DNAsset.m */ = {isa = PBXFileReference; fileEncoding = 4; lastKnownFileType = sourcecode.c.objc; path = DNAsset.m; sourceTree = "<group>"; };
		18DE40BC1C96E167000DB3B1 /* DNImageFlowViewController.h */ = {isa = PBXFileReference; fileEncoding = 4; lastKnownFileType = sourcecode.c.h; path = DNImageFlowViewController.h; sourceTree = "<group>"; };
		18DE40BD1C96E167000DB3B1 /* DNImageFlowViewController.m */ = {isa = PBXFileReference; fileEncoding = 4; lastKnownFileType = sourcecode.c.objc; path = DNImageFlowViewController.m; sourceTree = "<group>"; };
		18DE40BE1C96E167000DB3B1 /* DNImagePickerController.h */ = {isa = PBXFileReference; fileEncoding = 4; lastKnownFileType = sourcecode.c.h; path = DNImagePickerController.h; sourceTree = "<group>"; };
		18DE40BF1C96E167000DB3B1 /* DNImagePickerController.m */ = {isa = PBXFileReference; fileEncoding = 4; lastKnownFileType = sourcecode.c.objc; path = DNImagePickerController.m; sourceTree = "<group>"; };
		18DE40C01C96E167000DB3B1 /* DNImagePickerController.strings */ = {isa = PBXFileReference; fileEncoding = 4; lastKnownFileType = text.plist.strings; path = DNImagePickerController.strings; sourceTree = "<group>"; };
		18DE40C11C96E167000DB3B1 /* DNPhotoBrowser.h */ = {isa = PBXFileReference; fileEncoding = 4; lastKnownFileType = sourcecode.c.h; path = DNPhotoBrowser.h; sourceTree = "<group>"; };
		18DE40C21C96E167000DB3B1 /* DNPhotoBrowser.m */ = {isa = PBXFileReference; fileEncoding = 4; lastKnownFileType = sourcecode.c.objc; path = DNPhotoBrowser.m; sourceTree = "<group>"; };
		18DE40C41C96E167000DB3B1 /* en */ = {isa = PBXFileReference; lastKnownFileType = text.plist.strings; name = en; path = en.lproj/DNImagePicker.strings; sourceTree = "<group>"; };
		18DE40C61C96E167000DB3B1 /* NSURL+DNIMagePickerUrlEqual.h */ = {isa = PBXFileReference; fileEncoding = 4; lastKnownFileType = sourcecode.c.h; path = "NSURL+DNIMagePickerUrlEqual.h"; sourceTree = "<group>"; };
		18DE40C71C96E167000DB3B1 /* NSURL+DNIMagePickerUrlEqual.m */ = {isa = PBXFileReference; fileEncoding = 4; lastKnownFileType = sourcecode.c.objc; path = "NSURL+DNIMagePickerUrlEqual.m"; sourceTree = "<group>"; };
		18DE40C81C96E167000DB3B1 /* UIColor+Hex.h */ = {isa = PBXFileReference; fileEncoding = 4; lastKnownFileType = sourcecode.c.h; path = "UIColor+Hex.h"; sourceTree = "<group>"; };
		18DE40C91C96E167000DB3B1 /* UIColor+Hex.m */ = {isa = PBXFileReference; fileEncoding = 4; lastKnownFileType = sourcecode.c.objc; path = "UIColor+Hex.m"; sourceTree = "<group>"; };
		18DE40CA1C96E167000DB3B1 /* UIView+DNImagePicker.h */ = {isa = PBXFileReference; fileEncoding = 4; lastKnownFileType = sourcecode.c.h; path = "UIView+DNImagePicker.h"; sourceTree = "<group>"; };
		18DE40CB1C96E167000DB3B1 /* UIView+DNImagePicker.m */ = {isa = PBXFileReference; fileEncoding = 4; lastKnownFileType = sourcecode.c.objc; path = "UIView+DNImagePicker.m"; sourceTree = "<group>"; };
		18DE40CC1C96E167000DB3B1 /* UIViewController+DNImagePicker.h */ = {isa = PBXFileReference; fileEncoding = 4; lastKnownFileType = sourcecode.c.h; path = "UIViewController+DNImagePicker.h"; sourceTree = "<group>"; };
		18DE40CD1C96E167000DB3B1 /* UIViewController+DNImagePicker.m */ = {isa = PBXFileReference; fileEncoding = 4; lastKnownFileType = sourcecode.c.objc; path = "UIViewController+DNImagePicker.m"; sourceTree = "<group>"; };
		18DE40CE1C96E167000DB3B1 /* imageResources.xcassets */ = {isa = PBXFileReference; lastKnownFileType = folder.assetcatalog; path = imageResources.xcassets; sourceTree = "<group>"; };
		18DE40CF1C96E167000DB3B1 /* ImagesPicker.xcassets */ = {isa = PBXFileReference; lastKnownFileType = folder.assetcatalog; path = ImagesPicker.xcassets; sourceTree = "<group>"; };
		18DE40D11C96E167000DB3B1 /* DNAssetsViewCell.h */ = {isa = PBXFileReference; fileEncoding = 4; lastKnownFileType = sourcecode.c.h; path = DNAssetsViewCell.h; sourceTree = "<group>"; };
		18DE40D21C96E167000DB3B1 /* DNAssetsViewCell.m */ = {isa = PBXFileReference; fileEncoding = 4; lastKnownFileType = sourcecode.c.objc; path = DNAssetsViewCell.m; sourceTree = "<group>"; };
		18DE40D31C96E167000DB3B1 /* DNBadgeLabel.h */ = {isa = PBXFileReference; fileEncoding = 4; lastKnownFileType = sourcecode.c.h; path = DNBadgeLabel.h; sourceTree = "<group>"; };
		18DE40D41C96E167000DB3B1 /* DNBadgeLabel.m */ = {isa = PBXFileReference; fileEncoding = 4; lastKnownFileType = sourcecode.c.objc; path = DNBadgeLabel.m; sourceTree = "<group>"; };
		18DE40D51C96E167000DB3B1 /* DNBrowserCell.h */ = {isa = PBXFileReference; fileEncoding = 4; lastKnownFileType = sourcecode.c.h; path = DNBrowserCell.h; sourceTree = "<group>"; };
		18DE40D61C96E167000DB3B1 /* DNBrowserCell.m */ = {isa = PBXFileReference; fileEncoding = 4; lastKnownFileType = sourcecode.c.objc; path = DNBrowserCell.m; sourceTree = "<group>"; };
		18DE40D71C96E167000DB3B1 /* DNFullImageButton.h */ = {isa = PBXFileReference; fileEncoding = 4; lastKnownFileType = sourcecode.c.h; path = DNFullImageButton.h; sourceTree = "<group>"; };
		18DE40D81C96E167000DB3B1 /* DNFullImageButton.m */ = {isa = PBXFileReference; fileEncoding = 4; lastKnownFileType = sourcecode.c.objc; path = DNFullImageButton.m; sourceTree = "<group>"; };
		18DE40D91C96E167000DB3B1 /* DNSendButton.h */ = {isa = PBXFileReference; fileEncoding = 4; lastKnownFileType = sourcecode.c.h; path = DNSendButton.h; sourceTree = "<group>"; };
		18DE40DA1C96E167000DB3B1 /* DNSendButton.m */ = {isa = PBXFileReference; fileEncoding = 4; lastKnownFileType = sourcecode.c.objc; path = DNSendButton.m; sourceTree = "<group>"; };
		18DE40DB1C96E167000DB3B1 /* DNTapDetectingImageView.h */ = {isa = PBXFileReference; fileEncoding = 4; lastKnownFileType = sourcecode.c.h; path = DNTapDetectingImageView.h; sourceTree = "<group>"; };
		18DE40DC1C96E167000DB3B1 /* DNTapDetectingImageView.m */ = {isa = PBXFileReference; fileEncoding = 4; lastKnownFileType = sourcecode.c.objc; path = DNTapDetectingImageView.m; sourceTree = "<group>"; };
		18DE40DD1C96E167000DB3B1 /* DNUnAuthorizedTipsView.h */ = {isa = PBXFileReference; fileEncoding = 4; lastKnownFileType = sourcecode.c.h; path = DNUnAuthorizedTipsView.h; sourceTree = "<group>"; };
		18DE40DE1C96E167000DB3B1 /* DNUnAuthorizedTipsView.m */ = {isa = PBXFileReference; fileEncoding = 4; lastKnownFileType = sourcecode.c.objc; path = DNUnAuthorizedTipsView.m; sourceTree = "<group>"; };
		18DE40DF1C96E167000DB3B1 /* JKPromptView.h */ = {isa = PBXFileReference; fileEncoding = 4; lastKnownFileType = sourcecode.c.h; path = JKPromptView.h; sourceTree = "<group>"; };
		18DE40E01C96E167000DB3B1 /* JKPromptView.m */ = {isa = PBXFileReference; fileEncoding = 4; lastKnownFileType = sourcecode.c.objc; path = JKPromptView.m; sourceTree = "<group>"; };
		18DE40E11C96E167000DB3B1 /* zh-Hans */ = {isa = PBXFileReference; lastKnownFileType = text.plist.strings; name = "zh-Hans"; path = "zh-Hans.lproj/DNImagePicker.strings"; sourceTree = "<group>"; };
		18DE40F71C96EB8A000DB3B1 /* AssetsLibrary.framework */ = {isa = PBXFileReference; lastKnownFileType = wrapper.framework; name = AssetsLibrary.framework; path = System/Library/Frameworks/AssetsLibrary.framework; sourceTree = SDKROOT; };
		18FD7C231C91B8A0008B85A6 /* MBProgressHUD+NJ.h */ = {isa = PBXFileReference; fileEncoding = 4; lastKnownFileType = sourcecode.c.h; path = "MBProgressHUD+NJ.h"; sourceTree = "<group>"; };
		18FD7C241C91B8A0008B85A6 /* MBProgressHUD+NJ.m */ = {isa = PBXFileReference; fileEncoding = 4; lastKnownFileType = sourcecode.c.objc; path = "MBProgressHUD+NJ.m"; sourceTree = "<group>"; };
		18FD7C261C91BC63008B85A6 /* MBProgressHUD.bundle */ = {isa = PBXFileReference; lastKnownFileType = "wrapper.plug-in"; path = MBProgressHUD.bundle; sourceTree = "<group>"; };
/* End PBXFileReference section */

/* Begin PBXFrameworksBuildPhase section */
		187E9C3D1C3EA3C100DEEA0B /* Frameworks */ = {
			isa = PBXFrameworksBuildPhase;
			buildActionMask = 2147483647;
			files = (
				18DE40F81C96EB8A000DB3B1 /* AssetsLibrary.framework in Frameworks */,
			);
			runOnlyForDeploymentPostprocessing = 0;
		};
/* End PBXFrameworksBuildPhase section */

/* Begin PBXGroup section */
		180DF7361C54BC0200DE4C21 /* Util */ = {
			isa = PBXGroup;
			children = (
				180DF7371C54BC6500DE4C21 /* NavigatorManager.h */,
				180DF7381C54BC6500DE4C21 /* NavigatorManager.m */,
				18B3080B1C799C7D00851C25 /* ImagePickHelper.h */,
				18B3080C1C799C7D00851C25 /* ImagePickHelper.m */,
				18A4704F1C8AF5A200038F40 /* LoadingManager.h */,
				18A470501C8AF5A200038F40 /* LoadingManager.m */,
			);
			path = Util;
			sourceTree = "<group>";
		};
		1840A72D1C4D12C0009767C9 /* Payment */ = {
			isa = PBXGroup;
			children = (
				186D4C9D1C57A9F600FF6957 /* PaymentViewController.h */,
				186D4C9E1C57A9F600FF6957 /* PaymentViewController.m */,
				186D4C9B1C57A9E100FF6957 /* Payment.storyboard */,
			);
			path = Payment;
			sourceTree = "<group>";
		};
		186D4CA01C57BB4300FF6957 /* Controls */ = {
			isa = PBXGroup;
			children = (
				186AFB4D1C58EF390099BC6F /* CustomerNavigatorItem.h */,
				186AFB4E1C58EF390099BC6F /* CustomerNavigatorItem.m */,
				186D4CA31C57BB9900FF6957 /* CustomerNavigatorItem.xib */,
				186AFB521C59012A0099BC6F /* ProductDescription.h */,
				186AFB531C59012A0099BC6F /* ProductDescription.m */,
				186AFB501C5900F10099BC6F /* ProductDescription.xib */,
				188A7F2B1C5DE10100D63BC6 /* StoreDescription.h */,
				188A7F2C1C5DE10100D63BC6 /* StoreDescription.m */,
				188A7F2E1C5DE14600D63BC6 /* StoreDescription.xib */,
			);
			path = Controls;
			sourceTree = "<group>";
		};
		187E9C371C3EA3C100DEEA0B = {
			isa = PBXGroup;
			children = (
				18DE40F71C96EB8A000DB3B1 /* AssetsLibrary.framework */,
				187E9C421C3EA3C100DEEA0B /* 约拍 */,
				187E9C411C3EA3C100DEEA0B /* Products */,
			);
			sourceTree = "<group>";
		};
		187E9C411C3EA3C100DEEA0B /* Products */ = {
			isa = PBXGroup;
			children = (
				187E9C401C3EA3C100DEEA0B /* 约拍.app */,
			);
			name = Products;
			sourceTree = "<group>";
		};
		187E9C421C3EA3C100DEEA0B /* 约拍 */ = {
			isa = PBXGroup;
			children = (
				187E9C461C3EA3C100DEEA0B /* AppDelegate.h */,
				187E9C471C3EA3C100DEEA0B /* AppDelegate.m */,
				18A470371C88769A00038F40 /* DAL */,
				18A470381C8876F400038F40 /* BLL */,
				187E9C5E1C3EA69D00DEEA0B /* ViewController */,
				188C9CF21C41023900DD1B72 /* View */,
				186D4CA01C57BB4300FF6957 /* Controls */,
				188C9CF51C41054D00DD1B72 /* Model */,
				1888FD2D1C4B94220071ABFD /* Category */,
				180DF7361C54BC0200DE4C21 /* Util */,
				187E9C5D1C3EA4D300DEEA0B /* DataCache */,
				188C9D0D1C422DE000DD1B72 /* Library */,
				187E9C431C3EA3C100DEEA0B /* Supporting Files */,
			);
			path = "约拍";
			sourceTree = "<group>";
		};
		187E9C431C3EA3C100DEEA0B /* Supporting Files */ = {
			isa = PBXGroup;
			children = (
				189AA66E1C4FCF6300E1915E /* PrefixHeader.pch */,
				189AA6211C4FB5CB00E1915E /* Default.jpg */,
				187E9C541C3EA3C100DEEA0B /* LaunchScreen.storyboard */,
				187E9C571C3EA3C100DEEA0B /* Info.plist */,
				187E9C521C3EA3C100DEEA0B /* Assets.xcassets */,
				187E9C441C3EA3C100DEEA0B /* main.m */,
				187DC03E1C4549B200D8AE6F /* ConstFile.h */,
				18A4703F1C88781100038F40 /* Config.plist */,
			);
			name = "Supporting Files";
			sourceTree = "<group>";
		};
		187E9C5D1C3EA4D300DEEA0B /* DataCache */ = {
			isa = PBXGroup;
			children = (
				18CF31611C5DF4800094BF7F /* Store+CoreDataProperties.h */,
				18CF31621C5DF4800094BF7F /* Store+CoreDataProperties.m */,
				18CF31631C5DF4800094BF7F /* Store.h */,
				18CF31641C5DF4800094BF7F /* Store.m */,
				1869C4411C565AC900F02EE7 /* Product+CoreDataProperties.h */,
				1869C4421C565AC900F02EE7 /* Product+CoreDataProperties.m */,
				1869C4431C565AC900F02EE7 /* Product.h */,
				1869C4441C565AC900F02EE7 /* Product.m */,
				1840A7581C4D2407009767C9 /* ArtisticPhoto.xcdatamodeld */,
				187F26281C4E76510007FA4E /* DiskCacheManager.h */,
				187F26291C4E76510007FA4E /* DiskCacheManager.m */,
			);
			path = DataCache;
			sourceTree = "<group>";
		};
		187E9C5E1C3EA69D00DEEA0B /* ViewController */ = {
			isa = PBXGroup;
			children = (
				18B36B871C709E8900BF5E38 /* Store */,
				1840A72D1C4D12C0009767C9 /* Payment */,
				187E9C641C3EA76300DEEA0B /* Dashboard */,
				18E1D92C1C427AE900CB0AA4 /* Product */,
			);
			path = ViewController;
			sourceTree = "<group>";
		};
		187E9C641C3EA76300DEEA0B /* Dashboard */ = {
			isa = PBXGroup;
			children = (
				188C9D071C42166B00DD1B72 /* PageControlViewController.h */,
				188C9D081C42166B00DD1B72 /* PageControlViewController.m */,
				188C9D401C423E9F00DD1B72 /* DashboardViewController.h */,
				188C9D411C423E9F00DD1B72 /* DashboardViewController.m */,
				18CF316F1C5E02AF0094BF7F /* StoreViewController.h */,
				18CF31701C5E02AF0094BF7F /* StoreViewController.m */,
				18CBC4F51C75FC7600EEE301 /* MineViewController.h */,
				18CBC4F61C75FC7600EEE301 /* MineViewController.m */,
				187E9C651C3EA77000DEEA0B /* Dashboard.storyboard */,
			);
			path = Dashboard;
			sourceTree = "<group>";
		};
		1888FD2D1C4B94220071ABFD /* Category */ = {
			isa = PBXGroup;
			children = (
				1888FD311C4B94980071ABFD /* UIView+Snapshot.h */,
				1888FD321C4B94980071ABFD /* UIView+Snapshot.m */,
				1888FD341C4BB6970071ABFD /* UIImage+WebCache.h */,
				1888FD351C4BB6970071ABFD /* UIImage+WebCache.m */,
				18A470431C887B0000038F40 /* NSDictionary+DataAccess.h */,
				18A470441C887B0000038F40 /* NSDictionary+DataAccess.m */,
				18A4704C1C8AF13F00038F40 /* NSString+Format.h */,
				18A4704D1C8AF13F00038F40 /* NSString+Format.m */,
				18FD7C231C91B8A0008B85A6 /* MBProgressHUD+NJ.h */,
				18FD7C241C91B8A0008B85A6 /* MBProgressHUD+NJ.m */,
			);
			path = Category;
			sourceTree = "<group>";
		};
		188C9CF21C41023900DD1B72 /* View */ = {
			isa = PBXGroup;
			children = (
				188C9CFC1C41067900DD1B72 /* ActionCell.h */,
				188C9CFD1C41067900DD1B72 /* ActionCell.m */,
				188C9CF31C41040900DD1B72 /* ActionCell.xib */,
				188C9D461C423F4E00DD1B72 /* ActionSummaryCell.h */,
				188C9D471C423F4E00DD1B72 /* ActionSummaryCell.m */,
				188C9D491C423F6200DD1B72 /* ActionSummaryCell.xib */,
				188C9D4B1C42441800DD1B72 /* BaseTableViewCell.h */,
				188C9D4C1C42441800DD1B72 /* BaseTableViewCell.m */,
				187DC03A1C45392700D8AE6F /* ProductCell.h */,
				187DC03B1C45392700D8AE6F /* ProductCell.m */,
				189610AC1C44015900F3F037 /* ProductCell.xib */,
				18895D2F1C47CC9F00586CD9 /* PhotoCell.h */,
				18895D301C47CC9F00586CD9 /* PhotoCell.m */,
				18895D2D1C47CC7F00586CD9 /* PhotoCell.xib */,
				18CF316C1C5E005F0094BF7F /* StoreCell.h */,
				18CF316D1C5E005F0094BF7F /* StoreCell.m */,
				18CF31671C5E00040094BF7F /* StoreCell.xib */,
				18CBC4FB1C760FC300EEE301 /* MyProductCell.h */,
				18CBC4FC1C760FC300EEE301 /* MyProductCell.m */,
				18CBC4FE1C760FDB00EEE301 /* MyProductCell.xib */,
				186BA7951C761F1500D7FA1F /* ImageEdittingCell.h */,
				186BA7961C761F1500D7FA1F /* ImageEdittingCell.m */,
				186BA7971C761F1500D7FA1F /* ImageEdittingCell.xib */,
			);
			path = View;
			sourceTree = "<group>";
		};
		188C9CF51C41054D00DD1B72 /* Model */ = {
			isa = PBXGroup;
			children = (
				188C9CF91C4105A900DD1B72 /* ActionModel.h */,
				188C9CFA1C4105A900DD1B72 /* ActionModel.m */,
				188C9D0A1C421DFA00DD1B72 /* BaseCellModel.h */,
				188C9D0B1C421DFA00DD1B72 /* BaseCellModel.m */,
				180DF7301C54B39500DE4C21 /* ProductModel.h */,
				180DF7311C54B39500DE4C21 /* ProductModel.m */,
				180DF7331C54B59100DE4C21 /* StoreModel.h */,
				180DF7341C54B59100DE4C21 /* StoreModel.m */,
			);
			path = Model;
			sourceTree = "<group>";
		};
		188C9D0D1C422DE000DD1B72 /* Library */ = {
			isa = PBXGroup;
			children = (
				18DE40B71C96E167000DB3B1 /* DNImagePicker */,
				18A470461C8AECE200038F40 /* MBProgressHUD */,
				18A470231C88765C00038F40 /* AFNetworking */,
				188C9D0E1C422E0B00DD1B72 /* SDWebImage */,
			);
			name = Library;
			path = Libray;
			sourceTree = "<group>";
		};
		188C9D0E1C422E0B00DD1B72 /* SDWebImage */ = {
			isa = PBXGroup;
			children = (
				188C9D0F1C422E0B00DD1B72 /* MKAnnotationView+WebCache.h */,
				188C9D101C422E0B00DD1B72 /* MKAnnotationView+WebCache.m */,
				188C9D111C422E0B00DD1B72 /* NSData+ImageContentType.h */,
				188C9D121C422E0B00DD1B72 /* NSData+ImageContentType.m */,
				188C9D131C422E0B00DD1B72 /* SDImageCache.h */,
				188C9D141C422E0B00DD1B72 /* SDImageCache.m */,
				188C9D151C422E0B00DD1B72 /* SDWebImageCompat.h */,
				188C9D161C422E0B00DD1B72 /* SDWebImageCompat.m */,
				188C9D171C422E0B00DD1B72 /* SDWebImageDecoder.h */,
				188C9D181C422E0B00DD1B72 /* SDWebImageDecoder.m */,
				188C9D191C422E0B00DD1B72 /* SDWebImageDownloader.h */,
				188C9D1A1C422E0B00DD1B72 /* SDWebImageDownloader.m */,
				188C9D1B1C422E0B00DD1B72 /* SDWebImageDownloaderOperation.h */,
				188C9D1C1C422E0B00DD1B72 /* SDWebImageDownloaderOperation.m */,
				188C9D1D1C422E0B00DD1B72 /* SDWebImageManager.h */,
				188C9D1E1C422E0B00DD1B72 /* SDWebImageManager.m */,
				188C9D1F1C422E0B00DD1B72 /* SDWebImageOperation.h */,
				188C9D201C422E0B00DD1B72 /* SDWebImagePrefetcher.h */,
				188C9D211C422E0B00DD1B72 /* SDWebImagePrefetcher.m */,
				188C9D221C422E0B00DD1B72 /* UIButton+WebCache.h */,
				188C9D231C422E0B00DD1B72 /* UIButton+WebCache.m */,
				188C9D241C422E0B00DD1B72 /* UIImage+GIF.h */,
				188C9D251C422E0B00DD1B72 /* UIImage+GIF.m */,
				188C9D261C422E0B00DD1B72 /* UIImage+MultiFormat.h */,
				188C9D271C422E0B00DD1B72 /* UIImage+MultiFormat.m */,
				188C9D281C422E0B00DD1B72 /* UIImage+WebP.h */,
				188C9D291C422E0B00DD1B72 /* UIImage+WebP.m */,
				188C9D2A1C422E0B00DD1B72 /* UIImageView+HighlightedWebCache.h */,
				188C9D2B1C422E0B00DD1B72 /* UIImageView+HighlightedWebCache.m */,
				188C9D2C1C422E0B00DD1B72 /* UIImageView+WebCache.h */,
				188C9D2D1C422E0B00DD1B72 /* UIImageView+WebCache.m */,
				188C9D2E1C422E0B00DD1B72 /* UIView+WebCacheOperation.h */,
				188C9D2F1C422E0B00DD1B72 /* UIView+WebCacheOperation.m */,
			);
			path = SDWebImage;
			sourceTree = "<group>";
		};
		18A470231C88765C00038F40 /* AFNetworking */ = {
			isa = PBXGroup;
			children = (
				18A470241C88765C00038F40 /* AFHTTPSessionManager.h */,
				18A470251C88765C00038F40 /* AFHTTPSessionManager.m */,
				18A470261C88765C00038F40 /* AFNetworking.h */,
				18A470271C88765C00038F40 /* AFNetworkReachabilityManager.h */,
				18A470281C88765C00038F40 /* AFNetworkReachabilityManager.m */,
				18A470291C88765C00038F40 /* AFSecurityPolicy.h */,
				18A4702A1C88765C00038F40 /* AFSecurityPolicy.m */,
				18A4702B1C88765C00038F40 /* AFURLRequestSerialization.h */,
				18A4702C1C88765C00038F40 /* AFURLRequestSerialization.m */,
				18A4702D1C88765C00038F40 /* AFURLResponseSerialization.h */,
				18A4702E1C88765C00038F40 /* AFURLResponseSerialization.m */,
				18A4702F1C88765C00038F40 /* AFURLSessionManager.h */,
				18A470301C88765C00038F40 /* AFURLSessionManager.m */,
			);
			path = AFNetworking;
			sourceTree = "<group>";
		};
		18A470371C88769A00038F40 /* DAL */ = {
			isa = PBXGroup;
			children = (
				18A4703C1C8877B200038F40 /* HTTPSessionManager.h */,
				18A4703D1C8877B200038F40 /* HTTPSessionManager.m */,
			);
			path = DAL;
			sourceTree = "<group>";
		};
		18A470381C8876F400038F40 /* BLL */ = {
			isa = PBXGroup;
			children = (
				18A470391C88770F00038F40 /* StoreBLL.h */,
				18A4703A1C88770F00038F40 /* StoreBLL.m */,
				18A470521C8AFE3B00038F40 /* FileUploadBLL.h */,
				18A470531C8AFE3B00038F40 /* FileUploadBLL.m */,
			);
			path = BLL;
			sourceTree = "<group>";
		};
		18A470461C8AECE200038F40 /* MBProgressHUD */ = {
			isa = PBXGroup;
			children = (
				18FD7C261C91BC63008B85A6 /* MBProgressHUD.bundle */,
				18A470471C8AECE200038F40 /* 37x-Checkmark.png */,
				18A470481C8AECE200038F40 /* MBProgressHUD.h */,
				18A470491C8AECE200038F40 /* MBProgressHUD.m */,
			);
			path = MBProgressHUD;
			sourceTree = "<group>";
		};
		18B36B871C709E8900BF5E38 /* Store */ = {
			isa = PBXGroup;
			children = (
				18B36B8D1C70A4AD00BF5E38 /* StoreManagerViewController.h */,
				18B36B8E1C70A4AD00BF5E38 /* StoreManagerViewController.m */,
				18CBC4F81C760CFD00EEE301 /* MyProductsViewController.h */,
				18CBC4F91C760CFD00EEE301 /* MyProductsViewController.m */,
				186BA7921C761C4600D7FA1F /* ProductManagerViewController.h */,
				186BA7931C761C4600D7FA1F /* ProductManagerViewController.m */,
				18B36B881C709EA200BF5E38 /* Store.storyboard */,
			);
			path = Store;
			sourceTree = "<group>";
		};
		18DE40B71C96E167000DB3B1 /* DNImagePicker */ = {
			isa = PBXGroup;
			children = (
				18DE40B81C96E167000DB3B1 /* DNAlbumTableViewController.h */,
				18DE40B91C96E167000DB3B1 /* DNAlbumTableViewController.m */,
				18DE40BA1C96E167000DB3B1 /* DNAsset.h */,
				18DE40BB1C96E167000DB3B1 /* DNAsset.m */,
				18DE40BC1C96E167000DB3B1 /* DNImageFlowViewController.h */,
				18DE40BD1C96E167000DB3B1 /* DNImageFlowViewController.m */,
				18DE40BE1C96E167000DB3B1 /* DNImagePickerController.h */,
				18DE40BF1C96E167000DB3B1 /* DNImagePickerController.m */,
				18DE40C01C96E167000DB3B1 /* DNImagePickerController.strings */,
				18DE40C11C96E167000DB3B1 /* DNPhotoBrowser.h */,
				18DE40C21C96E167000DB3B1 /* DNPhotoBrowser.m */,
				18DE40C31C96E167000DB3B1 /* DNImagePicker.strings */,
				18DE40C51C96E167000DB3B1 /* Extensions */,
				18DE40CE1C96E167000DB3B1 /* imageResources.xcassets */,
				18DE40CF1C96E167000DB3B1 /* ImagesPicker.xcassets */,
				18DE40D01C96E167000DB3B1 /* Views */,
			);
			path = DNImagePicker;
			sourceTree = "<group>";
		};
		18DE40C51C96E167000DB3B1 /* Extensions */ = {
			isa = PBXGroup;
			children = (
				18DE40C61C96E167000DB3B1 /* NSURL+DNIMagePickerUrlEqual.h */,
				18DE40C71C96E167000DB3B1 /* NSURL+DNIMagePickerUrlEqual.m */,
				18DE40C81C96E167000DB3B1 /* UIColor+Hex.h */,
				18DE40C91C96E167000DB3B1 /* UIColor+Hex.m */,
				18DE40CA1C96E167000DB3B1 /* UIView+DNImagePicker.h */,
				18DE40CB1C96E167000DB3B1 /* UIView+DNImagePicker.m */,
				18DE40CC1C96E167000DB3B1 /* UIViewController+DNImagePicker.h */,
				18DE40CD1C96E167000DB3B1 /* UIViewController+DNImagePicker.m */,
			);
			path = Extensions;
			sourceTree = "<group>";
		};
		18DE40D01C96E167000DB3B1 /* Views */ = {
			isa = PBXGroup;
			children = (
				18DE40D11C96E167000DB3B1 /* DNAssetsViewCell.h */,
				18DE40D21C96E167000DB3B1 /* DNAssetsViewCell.m */,
				18DE40D31C96E167000DB3B1 /* DNBadgeLabel.h */,
				18DE40D41C96E167000DB3B1 /* DNBadgeLabel.m */,
				18DE40D51C96E167000DB3B1 /* DNBrowserCell.h */,
				18DE40D61C96E167000DB3B1 /* DNBrowserCell.m */,
				18DE40D71C96E167000DB3B1 /* DNFullImageButton.h */,
				18DE40D81C96E167000DB3B1 /* DNFullImageButton.m */,
				18DE40D91C96E167000DB3B1 /* DNSendButton.h */,
				18DE40DA1C96E167000DB3B1 /* DNSendButton.m */,
				18DE40DB1C96E167000DB3B1 /* DNTapDetectingImageView.h */,
				18DE40DC1C96E167000DB3B1 /* DNTapDetectingImageView.m */,
				18DE40DD1C96E167000DB3B1 /* DNUnAuthorizedTipsView.h */,
				18DE40DE1C96E167000DB3B1 /* DNUnAuthorizedTipsView.m */,
				18DE40DF1C96E167000DB3B1 /* JKPromptView.h */,
				18DE40E01C96E167000DB3B1 /* JKPromptView.m */,
			);
			path = Views;
			sourceTree = "<group>";
		};
		18E1D92C1C427AE900CB0AA4 /* Product */ = {
			isa = PBXGroup;
			children = (
				18895D3E1C47E07900586CD9 /* PhotoViewController.h */,
				18895D3F1C47E07900586CD9 /* PhotoViewController.m */,
				18895D321C47CDAC00586CD9 /* PhotosViewController.h */,
				18895D331C47CDAC00586CD9 /* PhotosViewController.m */,
				189610A51C43D9CE00F3F037 /* ProductsViewController.h */,
				189610A61C43D9CE00F3F037 /* ProductsViewController.m */,
				18895D411C47E9C000586CD9 /* PhotosPageViewController.h */,
				18895D421C47E9C000586CD9 /* PhotosPageViewController.m */,
				189610A81C43D9EB00F3F037 /* Product.storyboard */,
			);
			path = Product;
			sourceTree = "<group>";
		};
/* End PBXGroup section */

/* Begin PBXNativeTarget section */
		187E9C3F1C3EA3C100DEEA0B /* 约拍 */ = {
			isa = PBXNativeTarget;
			buildConfigurationList = 187E9C5A1C3EA3C100DEEA0B /* Build configuration list for PBXNativeTarget "约拍" */;
			buildPhases = (
				187E9C3C1C3EA3C100DEEA0B /* Sources */,
				187E9C3D1C3EA3C100DEEA0B /* Frameworks */,
				187E9C3E1C3EA3C100DEEA0B /* Resources */,
			);
			buildRules = (
			);
			dependencies = (
			);
			name = "约拍";
			productName = "约拍";
			productReference = 187E9C401C3EA3C100DEEA0B /* 约拍.app */;
			productType = "com.apple.product-type.application";
		};
/* End PBXNativeTarget section */

/* Begin PBXProject section */
		187E9C381C3EA3C100DEEA0B /* Project object */ = {
			isa = PBXProject;
			attributes = {
				LastUpgradeCheck = 0700;
				ORGANIZATIONNAME = ArtisticPhoto;
				TargetAttributes = {
					187E9C3F1C3EA3C100DEEA0B = {
						CreatedOnToolsVersion = 7.0;
						DevelopmentTeam = X25U34D8J3;
					};
				};
			};
			buildConfigurationList = 187E9C3B1C3EA3C100DEEA0B /* Build configuration list for PBXProject "约拍" */;
			compatibilityVersion = "Xcode 3.2";
			developmentRegion = English;
			hasScannedForEncodings = 0;
			knownRegions = (
				en,
				Base,
				"zh-Hans",
			);
			mainGroup = 187E9C371C3EA3C100DEEA0B;
			productRefGroup = 187E9C411C3EA3C100DEEA0B /* Products */;
			projectDirPath = "";
			projectRoot = "";
			targets = (
				187E9C3F1C3EA3C100DEEA0B /* 约拍 */,
			);
		};
/* End PBXProject section */

/* Begin PBXResourcesBuildPhase section */
		187E9C3E1C3EA3C100DEEA0B /* Resources */ = {
			isa = PBXResourcesBuildPhase;
			buildActionMask = 2147483647;
			files = (
				18DE40ED1C96E167000DB3B1 /* imageResources.xcassets in Resources */,
				186D4CA41C57BB9900FF6957 /* CustomerNavigatorItem.xib in Resources */,
				18CF31681C5E00040094BF7F /* StoreCell.xib in Resources */,
				18895D2E1C47CC7F00586CD9 /* PhotoCell.xib in Resources */,
				186D4C9C1C57A9E100FF6957 /* Payment.storyboard in Resources */,
				187E9C561C3EA3C100DEEA0B /* LaunchScreen.storyboard in Resources */,
				18DE40E61C96E167000DB3B1 /* DNImagePickerController.strings in Resources */,
				186AFB511C5900F10099BC6F /* ProductDescription.xib in Resources */,
				188C9CF41C41040900DD1B72 /* ActionCell.xib in Resources */,
				189610AD1C44015900F3F037 /* ProductCell.xib in Resources */,
				18A4704A1C8AECE300038F40 /* 37x-Checkmark.png in Resources */,
				188C9D4A1C423F6200DD1B72 /* ActionSummaryCell.xib in Resources */,
				18CBC4FF1C760FDB00EEE301 /* MyProductCell.xib in Resources */,
				18DE40E81C96E167000DB3B1 /* DNImagePicker.strings in Resources */,
				18A470401C88781100038F40 /* Config.plist in Resources */,
				188A7F2F1C5DE14600D63BC6 /* StoreDescription.xib in Resources */,
				186BA7991C761F1500D7FA1F /* ImageEdittingCell.xib in Resources */,
				187E9C661C3EA77000DEEA0B /* Dashboard.storyboard in Resources */,
				189610A91C43D9EB00F3F037 /* Product.storyboard in Resources */,
				18B36B891C709EA200BF5E38 /* Store.storyboard in Resources */,
				18FD7C271C91BC64008B85A6 /* MBProgressHUD.bundle in Resources */,
				18DE40EE1C96E167000DB3B1 /* ImagesPicker.xcassets in Resources */,
				189AA6221C4FB5CB00E1915E /* Default.jpg in Resources */,
				187E9C531C3EA3C100DEEA0B /* Assets.xcassets in Resources */,
			);
			runOnlyForDeploymentPostprocessing = 0;
		};
/* End PBXResourcesBuildPhase section */

/* Begin PBXSourcesBuildPhase section */
		187E9C3C1C3EA3C100DEEA0B /* Sources */ = {
			isa = PBXSourcesBuildPhase;
			buildActionMask = 2147483647;
			files = (
				18A4704E1C8AF13F00038F40 /* NSString+Format.m in Sources */,
				18DE40EA1C96E167000DB3B1 /* UIColor+Hex.m in Sources */,
				18CF316E1C5E005F0094BF7F /* StoreCell.m in Sources */,
				18CBC4FD1C760FC300EEE301 /* MyProductCell.m in Sources */,
				18DE40F51C96E167000DB3B1 /* DNUnAuthorizedTipsView.m in Sources */,
				186BA7981C761F1500D7FA1F /* ImageEdittingCell.m in Sources */,
				187F262A1C4E76510007FA4E /* DiskCacheManager.m in Sources */,
				1888FD331C4B94980071ABFD /* UIView+Snapshot.m in Sources */,
				188C9D0C1C421DFA00DD1B72 /* BaseCellModel.m in Sources */,
				18DE40E91C96E167000DB3B1 /* NSURL+DNIMagePickerUrlEqual.m in Sources */,
				188C9D371C422E0B00DD1B72 /* SDWebImageManager.m in Sources */,
				188C9D321C422E0B00DD1B72 /* SDImageCache.m in Sources */,
				188C9D361C422E0B00DD1B72 /* SDWebImageDownloaderOperation.m in Sources */,
				188C9D3F1C422E0B00DD1B72 /* UIView+WebCacheOperation.m in Sources */,
				18895D341C47CDAC00586CD9 /* PhotosViewController.m in Sources */,
				18DE40F01C96E167000DB3B1 /* DNBadgeLabel.m in Sources */,
				188C9CFB1C4105A900DD1B72 /* ActionModel.m in Sources */,
				188C9D391C422E0B00DD1B72 /* UIButton+WebCache.m in Sources */,
				188C9D311C422E0B00DD1B72 /* NSData+ImageContentType.m in Sources */,
				18CF31651C5DF4800094BF7F /* Store+CoreDataProperties.m in Sources */,
				18895D401C47E07900586CD9 /* PhotoViewController.m in Sources */,
				18895D431C47E9C000586CD9 /* PhotosPageViewController.m in Sources */,
				18DE40EF1C96E167000DB3B1 /* DNAssetsViewCell.m in Sources */,
				18DE40E41C96E167000DB3B1 /* DNImageFlowViewController.m in Sources */,
				186AFB541C59012A0099BC6F /* ProductDescription.m in Sources */,
				18DE40EC1C96E167000DB3B1 /* UIViewController+DNImagePicker.m in Sources */,
				18B36B8F1C70A4AD00BF5E38 /* StoreManagerViewController.m in Sources */,
				18DE40F21C96E167000DB3B1 /* DNFullImageButton.m in Sources */,
				188A7F2D1C5DE10100D63BC6 /* StoreDescription.m in Sources */,
				18DE40E21C96E167000DB3B1 /* DNAlbumTableViewController.m in Sources */,
				188C9D381C422E0B00DD1B72 /* SDWebImagePrefetcher.m in Sources */,
				186D4C9F1C57A9F600FF6957 /* PaymentViewController.m in Sources */,
				18A4704B1C8AECE300038F40 /* MBProgressHUD.m in Sources */,
				188C9D351C422E0B00DD1B72 /* SDWebImageDownloader.m in Sources */,
				18CF31661C5DF4800094BF7F /* Store.m in Sources */,
				188C9D481C423F4E00DD1B72 /* ActionSummaryCell.m in Sources */,
				186BA7941C761C4600D7FA1F /* ProductManagerViewController.m in Sources */,
				18DE40F61C96E167000DB3B1 /* JKPromptView.m in Sources */,
				1840A75A1C4D2407009767C9 /* ArtisticPhoto.xcdatamodeld in Sources */,
				188C9CFE1C41067900DD1B72 /* ActionCell.m in Sources */,
				1888FD361C4BB6970071ABFD /* UIImage+WebCache.m in Sources */,
				188C9D3C1C422E0B00DD1B72 /* UIImage+WebP.m in Sources */,
				18A4703E1C8877B200038F40 /* HTTPSessionManager.m in Sources */,
				18CBC4F71C75FC7600EEE301 /* MineViewController.m in Sources */,
				1869C4451C565AC900F02EE7 /* Product+CoreDataProperties.m in Sources */,
				18A470341C88765C00038F40 /* AFURLRequestSerialization.m in Sources */,
				18DE40F41C96E167000DB3B1 /* DNTapDetectingImageView.m in Sources */,
				18DE40EB1C96E167000DB3B1 /* UIView+DNImagePicker.m in Sources */,
				18DE40F11C96E167000DB3B1 /* DNBrowserCell.m in Sources */,
				18A470451C887B0000038F40 /* NSDictionary+DataAccess.m in Sources */,
				18DE40E71C96E167000DB3B1 /* DNPhotoBrowser.m in Sources */,
				1869C4461C565AC900F02EE7 /* Product.m in Sources */,
				18A470351C88765C00038F40 /* AFURLResponseSerialization.m in Sources */,
				18B3080D1C799C7D00851C25 /* ImagePickHelper.m in Sources */,
				18FD7C251C91B8A0008B85A6 /* MBProgressHUD+NJ.m in Sources */,
				188C9D3E1C422E0B00DD1B72 /* UIImageView+WebCache.m in Sources */,
				186AFB4F1C58EF390099BC6F /* CustomerNavigatorItem.m in Sources */,
				188C9D341C422E0B00DD1B72 /* SDWebImageDecoder.m in Sources */,
				18DE40E51C96E167000DB3B1 /* DNImagePickerController.m in Sources */,
				188C9D4D1C42441800DD1B72 /* BaseTableViewCell.m in Sources */,
				18A4703B1C88770F00038F40 /* StoreBLL.m in Sources */,
				187E9C481C3EA3C100DEEA0B /* AppDelegate.m in Sources */,
				188C9D421C423E9F00DD1B72 /* DashboardViewController.m in Sources */,
				188C9D301C422E0B00DD1B72 /* MKAnnotationView+WebCache.m in Sources */,
				187DC03C1C45392700D8AE6F /* ProductCell.m in Sources */,
				188C9D331C422E0B00DD1B72 /* SDWebImageCompat.m in Sources */,
				18A470321C88765C00038F40 /* AFNetworkReachabilityManager.m in Sources */,
				188C9D091C42166B00DD1B72 /* PageControlViewController.m in Sources */,
				180DF7351C54B59100DE4C21 /* StoreModel.m in Sources */,
				180DF7321C54B39500DE4C21 /* ProductModel.m in Sources */,
				187E9C451C3EA3C100DEEA0B /* main.m in Sources */,
				18A470311C88765C00038F40 /* AFHTTPSessionManager.m in Sources */,
				188C9D3B1C422E0B00DD1B72 /* UIImage+MultiFormat.m in Sources */,
				18A470331C88765C00038F40 /* AFSecurityPolicy.m in Sources */,
				180DF7391C54BC6500DE4C21 /* NavigatorManager.m in Sources */,
				18A470361C88765C00038F40 /* AFURLSessionManager.m in Sources */,
				18895D311C47CC9F00586CD9 /* PhotoCell.m in Sources */,
				18CF31711C5E02AF0094BF7F /* StoreViewController.m in Sources */,
				188C9D3D1C422E0B00DD1B72 /* UIImageView+HighlightedWebCache.m in Sources */,
				18DE40F31C96E167000DB3B1 /* DNSendButton.m in Sources */,
				18CBC4FA1C760CFD00EEE301 /* MyProductsViewController.m in Sources */,
				18A470511C8AF5A200038F40 /* LoadingManager.m in Sources */,
				18DE40E31C96E167000DB3B1 /* DNAsset.m in Sources */,
				18A470541C8AFE3B00038F40 /* FileUploadBLL.m in Sources */,
				189610A71C43D9CE00F3F037 /* ProductsViewController.m in Sources */,
				188C9D3A1C422E0B00DD1B72 /* UIImage+GIF.m in Sources */,
			);
			runOnlyForDeploymentPostprocessing = 0;
		};
/* End PBXSourcesBuildPhase section */

/* Begin PBXVariantGroup section */
		187E9C541C3EA3C100DEEA0B /* LaunchScreen.storyboard */ = {
			isa = PBXVariantGroup;
			children = (
				187E9C551C3EA3C100DEEA0B /* Base */,
			);
			name = LaunchScreen.storyboard;
			sourceTree = "<group>";
		};
		18DE40C31C96E167000DB3B1 /* DNImagePicker.strings */ = {
			isa = PBXVariantGroup;
			children = (
				18DE40C41C96E167000DB3B1 /* en */,
				18DE40E11C96E167000DB3B1 /* zh-Hans */,
			);
			name = DNImagePicker.strings;
			sourceTree = "<group>";
		};
/* End PBXVariantGroup section */

/* Begin XCBuildConfiguration section */
		187E9C581C3EA3C100DEEA0B /* Debug */ = {
			isa = XCBuildConfiguration;
			buildSettings = {
				ALWAYS_SEARCH_USER_PATHS = NO;
				CLANG_CXX_LANGUAGE_STANDARD = "gnu++0x";
				CLANG_CXX_LIBRARY = "libc++";
				CLANG_ENABLE_MODULES = YES;
				CLANG_ENABLE_OBJC_ARC = YES;
				CLANG_WARN_BOOL_CONVERSION = YES;
				CLANG_WARN_CONSTANT_CONVERSION = YES;
				CLANG_WARN_DIRECT_OBJC_ISA_USAGE = YES_ERROR;
				CLANG_WARN_EMPTY_BODY = YES;
				CLANG_WARN_ENUM_CONVERSION = YES;
				CLANG_WARN_INT_CONVERSION = YES;
				CLANG_WARN_OBJC_ROOT_CLASS = YES_ERROR;
				CLANG_WARN_UNREACHABLE_CODE = YES;
				CLANG_WARN__DUPLICATE_METHOD_MATCH = YES;
				"CODE_SIGN_IDENTITY[sdk=iphoneos*]" = "iPhone Developer";
				COPY_PHASE_STRIP = NO;
				DEBUG_INFORMATION_FORMAT = dwarf;
				ENABLE_STRICT_OBJC_MSGSEND = YES;
				ENABLE_TESTABILITY = YES;
				GCC_C_LANGUAGE_STANDARD = gnu99;
				GCC_DYNAMIC_NO_PIC = NO;
				GCC_NO_COMMON_BLOCKS = YES;
				GCC_OPTIMIZATION_LEVEL = 0;
				GCC_PREPROCESSOR_DEFINITIONS = (
					"DEBUG=1",
					"$(inherited)",
				);
				GCC_WARN_64_TO_32_BIT_CONVERSION = YES;
				GCC_WARN_ABOUT_RETURN_TYPE = YES_ERROR;
				GCC_WARN_UNDECLARED_SELECTOR = YES;
				GCC_WARN_UNINITIALIZED_AUTOS = YES_AGGRESSIVE;
				GCC_WARN_UNUSED_FUNCTION = YES;
				GCC_WARN_UNUSED_VARIABLE = YES;
				IPHONEOS_DEPLOYMENT_TARGET = 9.0;
				MTL_ENABLE_DEBUG_INFO = YES;
				ONLY_ACTIVE_ARCH = YES;
				SDKROOT = iphoneos;
			};
			name = Debug;
		};
		187E9C591C3EA3C100DEEA0B /* Release */ = {
			isa = XCBuildConfiguration;
			buildSettings = {
				ALWAYS_SEARCH_USER_PATHS = NO;
				CLANG_CXX_LANGUAGE_STANDARD = "gnu++0x";
				CLANG_CXX_LIBRARY = "libc++";
				CLANG_ENABLE_MODULES = YES;
				CLANG_ENABLE_OBJC_ARC = YES;
				CLANG_WARN_BOOL_CONVERSION = YES;
				CLANG_WARN_CONSTANT_CONVERSION = YES;
				CLANG_WARN_DIRECT_OBJC_ISA_USAGE = YES_ERROR;
				CLANG_WARN_EMPTY_BODY = YES;
				CLANG_WARN_ENUM_CONVERSION = YES;
				CLANG_WARN_INT_CONVERSION = YES;
				CLANG_WARN_OBJC_ROOT_CLASS = YES_ERROR;
				CLANG_WARN_UNREACHABLE_CODE = YES;
				CLANG_WARN__DUPLICATE_METHOD_MATCH = YES;
				"CODE_SIGN_IDENTITY[sdk=iphoneos*]" = "iPhone Developer";
				COPY_PHASE_STRIP = NO;
				DEBUG_INFORMATION_FORMAT = "dwarf-with-dsym";
				ENABLE_NS_ASSERTIONS = NO;
				ENABLE_STRICT_OBJC_MSGSEND = YES;
				GCC_C_LANGUAGE_STANDARD = gnu99;
				GCC_NO_COMMON_BLOCKS = YES;
				GCC_WARN_64_TO_32_BIT_CONVERSION = YES;
				GCC_WARN_ABOUT_RETURN_TYPE = YES_ERROR;
				GCC_WARN_UNDECLARED_SELECTOR = YES;
				GCC_WARN_UNINITIALIZED_AUTOS = YES_AGGRESSIVE;
				GCC_WARN_UNUSED_FUNCTION = YES;
				GCC_WARN_UNUSED_VARIABLE = YES;
				IPHONEOS_DEPLOYMENT_TARGET = 9.0;
				MTL_ENABLE_DEBUG_INFO = NO;
				SDKROOT = iphoneos;
				VALIDATE_PRODUCT = YES;
			};
			name = Release;
		};
		187E9C5B1C3EA3C100DEEA0B /* Debug */ = {
			isa = XCBuildConfiguration;
			buildSettings = {
				ASSETCATALOG_COMPILER_APPICON_NAME = AppIcon;
				CODE_SIGN_IDENTITY = "iPhone Developer";
				FRAMEWORK_SEARCH_PATHS = (
					"$(inherited)",
					"$(PROJECT_DIR)/约拍/Libray/AlipaySDK",
				);
				GCC_PRECOMPILE_PREFIX_HEADER = YES;
				GCC_PREFIX_HEADER = "$(SRCROOT)/约拍/PrefixHeader.pch";
				INFOPLIST_FILE = "约拍/Info.plist";
				IPHONEOS_DEPLOYMENT_TARGET = 8.0;
				LD_RUNPATH_SEARCH_PATHS = "$(inherited) @executable_path/Frameworks";
				PRODUCT_BUNDLE_IDENTIFIER = com.ws.ArtisticPhotos;
				PRODUCT_NAME = "$(TARGET_NAME)";
			};
			name = Debug;
		};
		187E9C5C1C3EA3C100DEEA0B /* Release */ = {
			isa = XCBuildConfiguration;
			buildSettings = {
				ASSETCATALOG_COMPILER_APPICON_NAME = AppIcon;
				CODE_SIGN_IDENTITY = "iPhone Developer";
				FRAMEWORK_SEARCH_PATHS = (
					"$(inherited)",
					"$(PROJECT_DIR)/约拍/Libray/AlipaySDK",
				);
				GCC_PRECOMPILE_PREFIX_HEADER = YES;
				GCC_PREFIX_HEADER = "$(SRCROOT)/约拍/PrefixHeader.pch";
				INFOPLIST_FILE = "约拍/Info.plist";
				IPHONEOS_DEPLOYMENT_TARGET = 8.0;
				LD_RUNPATH_SEARCH_PATHS = "$(inherited) @executable_path/Frameworks";
				PRODUCT_BUNDLE_IDENTIFIER = com.ws.ArtisticPhotos;
				PRODUCT_NAME = "$(TARGET_NAME)";
			};
			name = Release;
		};
/* End XCBuildConfiguration section */

/* Begin XCConfigurationList section */
		187E9C3B1C3EA3C100DEEA0B /* Build configuration list for PBXProject "约拍" */ = {
			isa = XCConfigurationList;
			buildConfigurations = (
				187E9C581C3EA3C100DEEA0B /* Debug */,
				187E9C591C3EA3C100DEEA0B /* Release */,
			);
			defaultConfigurationIsVisible = 0;
			defaultConfigurationName = Release;
		};
		187E9C5A1C3EA3C100DEEA0B /* Build configuration list for PBXNativeTarget "约拍" */ = {
			isa = XCConfigurationList;
			buildConfigurations = (
				187E9C5B1C3EA3C100DEEA0B /* Debug */,
				187E9C5C1C3EA3C100DEEA0B /* Release */,
			);
			defaultConfigurationIsVisible = 0;
			defaultConfigurationName = Release;
		};
/* End XCConfigurationList section */

/* Begin XCVersionGroup section */
		1840A7581C4D2407009767C9 /* ArtisticPhoto.xcdatamodeld */ = {
			isa = XCVersionGroup;
			children = (
				1840A7591C4D2407009767C9 /* ArtisticPhoto.xcdatamodel */,
			);
			currentVersion = 1840A7591C4D2407009767C9 /* ArtisticPhoto.xcdatamodel */;
			path = ArtisticPhoto.xcdatamodeld;
			sourceTree = "<group>";
			versionGroupType = wrapper.xcdatamodel;
		};
/* End XCVersionGroup section */
	};
	rootObject = 187E9C381C3EA3C100DEEA0B /* Project object */;
}
